
Microsoft Visual Studio Solution File, Format Version 12.00
# Visual Studio Version 16
VisualStudioVersion = 16.0.29709.97
MinimumVisualStudioVersion = 10.0.40219.1
Project("{2150E333-8FDC-42A3-9474-1A3956D46DE8}") = "Heads", "Heads", "{FF470D50-6D0D-4FF8-8A34-606D83C3AA4D}"
EndProject
Project("{9A19103F-16F7-4668-BE54-9A1E7A4F7556}") = "SampleApp.Backend", "SampleApp.Backend\SampleApp.Backend.csproj", "{086D903C-0E64-46EF-AE69-8F082575B8B7}"
EndProject
Project("{9A19103F-16F7-4668-BE54-9A1E7A4F7556}") = "SampleApp.Services", "SampleApp.Services\SampleApp.Services.csproj", "{04442ECD-76A4-47D6-9E7A-120DEE32AC8D}"
EndProject
Project("{9A19103F-16F7-4668-BE54-9A1E7A4F7556}") = "SampleApp.Infrastructure", "SampleApp.Infrastructure\SampleApp.Infrastructure.csproj", "{C57F9D25-6B75-493B-A262-98B39FF7D747}"
EndProject
Project("{D954291E-2A0B-460D-934E-DC6B0785DB48}") = "SampleApp.Shared", "SampleApp\SampleApp.Shared\SampleApp.Shared.shproj", "{6279C845-92F8-4333-AB99-3D213163593C}"
EndProject
Project("{FAE04EC0-301F-11D3-BF4B-00C04F79EFBC}") = "SampleApp.Droid", "SampleApp\SampleApp.Droid\SampleApp.Droid.csproj", "{29C192F4-0013-4A7A-9E47-79422DBF3C77}"
EndProject
Project("{FAE04EC0-301F-11D3-BF4B-00C04F79EFBC}") = "SampleApp.iOS", "SampleApp\SampleApp.iOS\SampleApp.iOS.csproj", "{F39167CB-DF82-4674-AF7E-47213CCAE75D}"
EndProject
Project("{FAE04EC0-301F-11D3-BF4B-00C04F79EFBC}") = "SampleApp.UWP", "SampleApp\SampleApp.UWP\SampleApp.UWP.csproj", "{27047D1E-696E-47C7-A5D7-72563C0C2F9E}"
EndProject
Project("{9A19103F-16F7-4668-BE54-9A1E7A4F7556}") = "SampleApp.Wasm", "SampleApp\SampleApp.Wasm\SampleApp.Wasm.csproj", "{775ED17D-FF1F-4A2A-BA84-3F0D61D2D4D6}"
EndProject
Global
	GlobalSection(SharedMSBuildProjectFiles) = preSolution
		SampleApp\SampleApp.Shared\TestApp.Shared.projitems*{27047d1e-696e-47c7-a5d7-72563c0c2f9e}*SharedItemsImports = 4
		SampleApp\SampleApp.Shared\TestApp.Shared.projitems*{29c192f4-0013-4a7a-9e47-79422dbf3c77}*SharedItemsImports = 4
		SampleApp\SampleApp.Shared\TestApp.Shared.projitems*{6279c845-92f8-4333-ab99-3d213163593c}*SharedItemsImports = 13
		SampleApp\SampleApp.Shared\TestApp.Shared.projitems*{f39167cb-df82-4674-af7e-47213ccae75d}*SharedItemsImports = 4
	EndGlobalSection
	GlobalSection(SolutionConfigurationPlatforms) = preSolution
		Ad-Hoc|Any CPU = Ad-Hoc|Any CPU
		Ad-Hoc|ARM = Ad-Hoc|ARM
		Ad-Hoc|iPhone = Ad-Hoc|iPhone
		Ad-Hoc|iPhoneSimulator = Ad-Hoc|iPhoneSimulator
		Ad-Hoc|x64 = Ad-Hoc|x64
		Ad-Hoc|x86 = Ad-Hoc|x86
		AppStore|Any CPU = AppStore|Any CPU
		AppStore|ARM = AppStore|ARM
		AppStore|iPhone = AppStore|iPhone
		AppStore|iPhoneSimulator = AppStore|iPhoneSimulator
		AppStore|x64 = AppStore|x64
		AppStore|x86 = AppStore|x86
		Debug|Any CPU = Debug|Any CPU
		Debug|ARM = Debug|ARM
		Debug|iPhone = Debug|iPhone
		Debug|iPhoneSimulator = Debug|iPhoneSimulator
		Debug|x64 = Debug|x64
		Debug|x86 = Debug|x86
		Release|Any CPU = Release|Any CPU
		Release|ARM = Release|ARM
		Release|iPhone = Release|iPhone
		Release|iPhoneSimulator = Release|iPhoneSimulator
		Release|x64 = Release|x64
		Release|x86 = Release|x86
	EndGlobalSection
	GlobalSection(ProjectConfigurationPlatforms) = postSolution
		{086D903C-0E64-46EF-AE69-8F082575B8B7}.Ad-Hoc|Any CPU.ActiveCfg = Debug|Any CPU
		{086D903C-0E64-46EF-AE69-8F082575B8B7}.Ad-Hoc|Any CPU.Build.0 = Debug|Any CPU
		{086D903C-0E64-46EF-AE69-8F082575B8B7}.Ad-Hoc|ARM.ActiveCfg = Debug|Any CPU
		{086D903C-0E64-46EF-AE69-8F082575B8B7}.Ad-Hoc|ARM.Build.0 = Debug|Any CPU
		{086D903C-0E64-46EF-AE69-8F082575B8B7}.Ad-Hoc|iPhone.ActiveCfg = Debug|Any CPU
		{086D903C-0E64-46EF-AE69-8F082575B8B7}.Ad-Hoc|iPhone.Build.0 = Debug|Any CPU
		{086D903C-0E64-46EF-AE69-8F082575B8B7}.Ad-Hoc|iPhoneSimulator.ActiveCfg = Debug|Any CPU
		{086D903C-0E64-46EF-AE69-8F082575B8B7}.Ad-Hoc|iPhoneSimulator.Build.0 = Debug|Any CPU
		{086D903C-0E64-46EF-AE69-8F082575B8B7}.Ad-Hoc|x64.ActiveCfg = Debug|Any CPU
		{086D903C-0E64-46EF-AE69-8F082575B8B7}.Ad-Hoc|x64.Build.0 = Debug|Any CPU
		{086D903C-0E64-46EF-AE69-8F082575B8B7}.Ad-Hoc|x86.ActiveCfg = Debug|Any CPU
		{086D903C-0E64-46EF-AE69-8F082575B8B7}.Ad-Hoc|x86.Build.0 = Debug|Any CPU
		{086D903C-0E64-46EF-AE69-8F082575B8B7}.AppStore|Any CPU.ActiveCfg = Debug|Any CPU
		{086D903C-0E64-46EF-AE69-8F082575B8B7}.AppStore|Any CPU.Build.0 = Debug|Any CPU
		{086D903C-0E64-46EF-AE69-8F082575B8B7}.AppStore|ARM.ActiveCfg = Debug|Any CPU
		{086D903C-0E64-46EF-AE69-8F082575B8B7}.AppStore|ARM.Build.0 = Debug|Any CPU
		{086D903C-0E64-46EF-AE69-8F082575B8B7}.AppStore|iPhone.ActiveCfg = Debug|Any CPU
		{086D903C-0E64-46EF-AE69-8F082575B8B7}.AppStore|iPhone.Build.0 = Debug|Any CPU
		{086D903C-0E64-46EF-AE69-8F082575B8B7}.AppStore|iPhoneSimulator.ActiveCfg = Debug|Any CPU
		{086D903C-0E64-46EF-AE69-8F082575B8B7}.AppStore|iPhoneSimulator.Build.0 = Debug|Any CPU
		{086D903C-0E64-46EF-AE69-8F082575B8B7}.AppStore|x64.ActiveCfg = Debug|Any CPU
		{086D903C-0E64-46EF-AE69-8F082575B8B7}.AppStore|x64.Build.0 = Debug|Any CPU
		{086D903C-0E64-46EF-AE69-8F082575B8B7}.AppStore|x86.ActiveCfg = Debug|Any CPU
		{086D903C-0E64-46EF-AE69-8F082575B8B7}.AppStore|x86.Build.0 = Debug|Any CPU
		{086D903C-0E64-46EF-AE69-8F082575B8B7}.Debug|Any CPU.ActiveCfg = Debug|Any CPU
		{086D903C-0E64-46EF-AE69-8F082575B8B7}.Debug|Any CPU.Build.0 = Debug|Any CPU
		{086D903C-0E64-46EF-AE69-8F082575B8B7}.Debug|ARM.ActiveCfg = Debug|Any CPU
		{086D903C-0E64-46EF-AE69-8F082575B8B7}.Debug|ARM.Build.0 = Debug|Any CPU
		{086D903C-0E64-46EF-AE69-8F082575B8B7}.Debug|iPhone.ActiveCfg = Debug|Any CPU
		{086D903C-0E64-46EF-AE69-8F082575B8B7}.Debug|iPhone.Build.0 = Debug|Any CPU
		{086D903C-0E64-46EF-AE69-8F082575B8B7}.Debug|iPhoneSimulator.ActiveCfg = Debug|Any CPU
		{086D903C-0E64-46EF-AE69-8F082575B8B7}.Debug|iPhoneSimulator.Build.0 = Debug|Any CPU
		{086D903C-0E64-46EF-AE69-8F082575B8B7}.Debug|x64.ActiveCfg = Debug|Any CPU
		{086D903C-0E64-46EF-AE69-8F082575B8B7}.Debug|x64.Build.0 = Debug|Any CPU
		{086D903C-0E64-46EF-AE69-8F082575B8B7}.Debug|x86.ActiveCfg = Debug|Any CPU
		{086D903C-0E64-46EF-AE69-8F082575B8B7}.Debug|x86.Build.0 = Debug|Any CPU
		{086D903C-0E64-46EF-AE69-8F082575B8B7}.Release|Any CPU.ActiveCfg = Release|Any CPU
		{086D903C-0E64-46EF-AE69-8F082575B8B7}.Release|Any CPU.Build.0 = Release|Any CPU
		{086D903C-0E64-46EF-AE69-8F082575B8B7}.Release|ARM.ActiveCfg = Release|Any CPU
		{086D903C-0E64-46EF-AE69-8F082575B8B7}.Release|ARM.Build.0 = Release|Any CPU
		{086D903C-0E64-46EF-AE69-8F082575B8B7}.Release|iPhone.ActiveCfg = Release|Any CPU
		{086D903C-0E64-46EF-AE69-8F082575B8B7}.Release|iPhone.Build.0 = Release|Any CPU
		{086D903C-0E64-46EF-AE69-8F082575B8B7}.Release|iPhoneSimulator.ActiveCfg = Release|Any CPU
		{086D903C-0E64-46EF-AE69-8F082575B8B7}.Release|iPhoneSimulator.Build.0 = Release|Any CPU
		{086D903C-0E64-46EF-AE69-8F082575B8B7}.Release|x64.ActiveCfg = Release|Any CPU
		{086D903C-0E64-46EF-AE69-8F082575B8B7}.Release|x64.Build.0 = Release|Any CPU
		{086D903C-0E64-46EF-AE69-8F082575B8B7}.Release|x86.ActiveCfg = Release|Any CPU
		{086D903C-0E64-46EF-AE69-8F082575B8B7}.Release|x86.Build.0 = Release|Any CPU
		{04442ECD-76A4-47D6-9E7A-120DEE32AC8D}.Ad-Hoc|Any CPU.ActiveCfg = Debug|Any CPU
		{04442ECD-76A4-47D6-9E7A-120DEE32AC8D}.Ad-Hoc|Any CPU.Build.0 = Debug|Any CPU
		{04442ECD-76A4-47D6-9E7A-120DEE32AC8D}.Ad-Hoc|ARM.ActiveCfg = Debug|Any CPU
		{04442ECD-76A4-47D6-9E7A-120DEE32AC8D}.Ad-Hoc|ARM.Build.0 = Debug|Any CPU
		{04442ECD-76A4-47D6-9E7A-120DEE32AC8D}.Ad-Hoc|iPhone.ActiveCfg = Debug|Any CPU
		{04442ECD-76A4-47D6-9E7A-120DEE32AC8D}.Ad-Hoc|iPhone.Build.0 = Debug|Any CPU
		{04442ECD-76A4-47D6-9E7A-120DEE32AC8D}.Ad-Hoc|iPhoneSimulator.ActiveCfg = Debug|Any CPU
		{04442ECD-76A4-47D6-9E7A-120DEE32AC8D}.Ad-Hoc|iPhoneSimulator.Build.0 = Debug|Any CPU
		{04442ECD-76A4-47D6-9E7A-120DEE32AC8D}.Ad-Hoc|x64.ActiveCfg = Debug|Any CPU
		{04442ECD-76A4-47D6-9E7A-120DEE32AC8D}.Ad-Hoc|x64.Build.0 = Debug|Any CPU
		{04442ECD-76A4-47D6-9E7A-120DEE32AC8D}.Ad-Hoc|x86.ActiveCfg = Debug|Any CPU
		{04442ECD-76A4-47D6-9E7A-120DEE32AC8D}.Ad-Hoc|x86.Build.0 = Debug|Any CPU
		{04442ECD-76A4-47D6-9E7A-120DEE32AC8D}.AppStore|Any CPU.ActiveCfg = Debug|Any CPU
		{04442ECD-76A4-47D6-9E7A-120DEE32AC8D}.AppStore|Any CPU.Build.0 = Debug|Any CPU
		{04442ECD-76A4-47D6-9E7A-120DEE32AC8D}.AppStore|ARM.ActiveCfg = Debug|Any CPU
		{04442ECD-76A4-47D6-9E7A-120DEE32AC8D}.AppStore|ARM.Build.0 = Debug|Any CPU
		{04442ECD-76A4-47D6-9E7A-120DEE32AC8D}.AppStore|iPhone.ActiveCfg = Debug|Any CPU
		{04442ECD-76A4-47D6-9E7A-120DEE32AC8D}.AppStore|iPhone.Build.0 = Debug|Any CPU
		{04442ECD-76A4-47D6-9E7A-120DEE32AC8D}.AppStore|iPhoneSimulator.ActiveCfg = Debug|Any CPU
		{04442ECD-76A4-47D6-9E7A-120DEE32AC8D}.AppStore|iPhoneSimulator.Build.0 = Debug|Any CPU
		{04442ECD-76A4-47D6-9E7A-120DEE32AC8D}.AppStore|x64.ActiveCfg = Debug|Any CPU
		{04442ECD-76A4-47D6-9E7A-120DEE32AC8D}.AppStore|x64.Build.0 = Debug|Any CPU
		{04442ECD-76A4-47D6-9E7A-120DEE32AC8D}.AppStore|x86.ActiveCfg = Debug|Any CPU
		{04442ECD-76A4-47D6-9E7A-120DEE32AC8D}.AppStore|x86.Build.0 = Debug|Any CPU
		{04442ECD-76A4-47D6-9E7A-120DEE32AC8D}.Debug|Any CPU.ActiveCfg = Debug|Any CPU
		{04442ECD-76A4-47D6-9E7A-120DEE32AC8D}.Debug|Any CPU.Build.0 = Debug|Any CPU
		{04442ECD-76A4-47D6-9E7A-120DEE32AC8D}.Debug|ARM.ActiveCfg = Debug|Any CPU
		{04442ECD-76A4-47D6-9E7A-120DEE32AC8D}.Debug|ARM.Build.0 = Debug|Any CPU
		{04442ECD-76A4-47D6-9E7A-120DEE32AC8D}.Debug|iPhone.ActiveCfg = Debug|Any CPU
		{04442ECD-76A4-47D6-9E7A-120DEE32AC8D}.Debug|iPhone.Build.0 = Debug|Any CPU
		{04442ECD-76A4-47D6-9E7A-120DEE32AC8D}.Debug|iPhoneSimulator.ActiveCfg = Debug|Any CPU
		{04442ECD-76A4-47D6-9E7A-120DEE32AC8D}.Debug|iPhoneSimulator.Build.0 = Debug|Any CPU
		{04442ECD-76A4-47D6-9E7A-120DEE32AC8D}.Debug|x64.ActiveCfg = Debug|Any CPU
		{04442ECD-76A4-47D6-9E7A-120DEE32AC8D}.Debug|x64.Build.0 = Debug|Any CPU
		{04442ECD-76A4-47D6-9E7A-120DEE32AC8D}.Debug|x86.ActiveCfg = Debug|Any CPU
		{04442ECD-76A4-47D6-9E7A-120DEE32AC8D}.Debug|x86.Build.0 = Debug|Any CPU
		{04442ECD-76A4-47D6-9E7A-120DEE32AC8D}.Release|Any CPU.ActiveCfg = Release|Any CPU
		{04442ECD-76A4-47D6-9E7A-120DEE32AC8D}.Release|Any CPU.Build.0 = Release|Any CPU
		{04442ECD-76A4-47D6-9E7A-120DEE32AC8D}.Release|ARM.ActiveCfg = Release|Any CPU
		{04442ECD-76A4-47D6-9E7A-120DEE32AC8D}.Release|ARM.Build.0 = Release|Any CPU
		{04442ECD-76A4-47D6-9E7A-120DEE32AC8D}.Release|iPhone.ActiveCfg = Release|Any CPU
		{04442ECD-76A4-47D6-9E7A-120DEE32AC8D}.Release|iPhone.Build.0 = Release|Any CPU
		{04442ECD-76A4-47D6-9E7A-120DEE32AC8D}.Release|iPhoneSimulator.ActiveCfg = Release|Any CPU
		{04442ECD-76A4-47D6-9E7A-120DEE32AC8D}.Release|iPhoneSimulator.Build.0 = Release|Any CPU
		{04442ECD-76A4-47D6-9E7A-120DEE32AC8D}.Release|x64.ActiveCfg = Release|Any CPU
		{04442ECD-76A4-47D6-9E7A-120DEE32AC8D}.Release|x64.Build.0 = Release|Any CPU
		{04442ECD-76A4-47D6-9E7A-120DEE32AC8D}.Release|x86.ActiveCfg = Release|Any CPU
		{04442ECD-76A4-47D6-9E7A-120DEE32AC8D}.Release|x86.Build.0 = Release|Any CPU
		{C57F9D25-6B75-493B-A262-98B39FF7D747}.Ad-Hoc|Any CPU.ActiveCfg = Debug|Any CPU
		{C57F9D25-6B75-493B-A262-98B39FF7D747}.Ad-Hoc|Any CPU.Build.0 = Debug|Any CPU
		{C57F9D25-6B75-493B-A262-98B39FF7D747}.Ad-Hoc|ARM.ActiveCfg = Debug|Any CPU
		{C57F9D25-6B75-493B-A262-98B39FF7D747}.Ad-Hoc|ARM.Build.0 = Debug|Any CPU
		{C57F9D25-6B75-493B-A262-98B39FF7D747}.Ad-Hoc|iPhone.ActiveCfg = Debug|Any CPU
		{C57F9D25-6B75-493B-A262-98B39FF7D747}.Ad-Hoc|iPhone.Build.0 = Debug|Any CPU
		{C57F9D25-6B75-493B-A262-98B39FF7D747}.Ad-Hoc|iPhoneSimulator.ActiveCfg = Debug|Any CPU
		{C57F9D25-6B75-493B-A262-98B39FF7D747}.Ad-Hoc|iPhoneSimulator.Build.0 = Debug|Any CPU
		{C57F9D25-6B75-493B-A262-98B39FF7D747}.Ad-Hoc|x64.ActiveCfg = Debug|Any CPU
		{C57F9D25-6B75-493B-A262-98B39FF7D747}.Ad-Hoc|x64.Build.0 = Debug|Any CPU
		{C57F9D25-6B75-493B-A262-98B39FF7D747}.Ad-Hoc|x86.ActiveCfg = Debug|Any CPU
		{C57F9D25-6B75-493B-A262-98B39FF7D747}.Ad-Hoc|x86.Build.0 = Debug|Any CPU
		{C57F9D25-6B75-493B-A262-98B39FF7D747}.AppStore|Any CPU.ActiveCfg = Debug|Any CPU
		{C57F9D25-6B75-493B-A262-98B39FF7D747}.AppStore|Any CPU.Build.0 = Debug|Any CPU
		{C57F9D25-6B75-493B-A262-98B39FF7D747}.AppStore|ARM.ActiveCfg = Debug|Any CPU
		{C57F9D25-6B75-493B-A262-98B39FF7D747}.AppStore|ARM.Build.0 = Debug|Any CPU
		{C57F9D25-6B75-493B-A262-98B39FF7D747}.AppStore|iPhone.ActiveCfg = Debug|Any CPU
		{C57F9D25-6B75-493B-A262-98B39FF7D747}.AppStore|iPhone.Build.0 = Debug|Any CPU
		{C57F9D25-6B75-493B-A262-98B39FF7D747}.AppStore|iPhoneSimulator.ActiveCfg = Debug|Any CPU
		{C57F9D25-6B75-493B-A262-98B39FF7D747}.AppStore|iPhoneSimulator.Build.0 = Debug|Any CPU
		{C57F9D25-6B75-493B-A262-98B39FF7D747}.AppStore|x64.ActiveCfg = Debug|Any CPU
		{C57F9D25-6B75-493B-A262-98B39FF7D747}.AppStore|x64.Build.0 = Debug|Any CPU
		{C57F9D25-6B75-493B-A262-98B39FF7D747}.AppStore|x86.ActiveCfg = Debug|Any CPU
		{C57F9D25-6B75-493B-A262-98B39FF7D747}.AppStore|x86.Build.0 = Debug|Any CPU
		{C57F9D25-6B75-493B-A262-98B39FF7D747}.Debug|Any CPU.ActiveCfg = Debug|Any CPU
		{C57F9D25-6B75-493B-A262-98B39FF7D747}.Debug|Any CPU.Build.0 = Debug|Any CPU
		{C57F9D25-6B75-493B-A262-98B39FF7D747}.Debug|ARM.ActiveCfg = Debug|Any CPU
		{C57F9D25-6B75-493B-A262-98B39FF7D747}.Debug|ARM.Build.0 = Debug|Any CPU
		{C57F9D25-6B75-493B-A262-98B39FF7D747}.Debug|iPhone.ActiveCfg = Debug|Any CPU
		{C57F9D25-6B75-493B-A262-98B39FF7D747}.Debug|iPhone.Build.0 = Debug|Any CPU
		{C57F9D25-6B75-493B-A262-98B39FF7D747}.Debug|iPhoneSimulator.ActiveCfg = Debug|Any CPU
		{C57F9D25-6B75-493B-A262-98B39FF7D747}.Debug|iPhoneSimulator.Build.0 = Debug|Any CPU
		{C57F9D25-6B75-493B-A262-98B39FF7D747}.Debug|x64.ActiveCfg = Debug|Any CPU
		{C57F9D25-6B75-493B-A262-98B39FF7D747}.Debug|x64.Build.0 = Debug|Any CPU
		{C57F9D25-6B75-493B-A262-98B39FF7D747}.Debug|x86.ActiveCfg = Debug|Any CPU
		{C57F9D25-6B75-493B-A262-98B39FF7D747}.Debug|x86.Build.0 = Debug|Any CPU
		{C57F9D25-6B75-493B-A262-98B39FF7D747}.Release|Any CPU.ActiveCfg = Release|Any CPU
		{C57F9D25-6B75-493B-A262-98B39FF7D747}.Release|Any CPU.Build.0 = Release|Any CPU
		{C57F9D25-6B75-493B-A262-98B39FF7D747}.Release|ARM.ActiveCfg = Release|Any CPU
		{C57F9D25-6B75-493B-A262-98B39FF7D747}.Release|ARM.Build.0 = Release|Any CPU
		{C57F9D25-6B75-493B-A262-98B39FF7D747}.Release|iPhone.ActiveCfg = Release|Any CPU
		{C57F9D25-6B75-493B-A262-98B39FF7D747}.Release|iPhone.Build.0 = Release|Any CPU
		{C57F9D25-6B75-493B-A262-98B39FF7D747}.Release|iPhoneSimulator.ActiveCfg = Release|Any CPU
		{C57F9D25-6B75-493B-A262-98B39FF7D747}.Release|iPhoneSimulator.Build.0 = Release|Any CPU
		{C57F9D25-6B75-493B-A262-98B39FF7D747}.Release|x64.ActiveCfg = Release|Any CPU
		{C57F9D25-6B75-493B-A262-98B39FF7D747}.Release|x64.Build.0 = Release|Any CPU
		{C57F9D25-6B75-493B-A262-98B39FF7D747}.Release|x86.ActiveCfg = Release|Any CPU
		{C57F9D25-6B75-493B-A262-98B39FF7D747}.Release|x86.Build.0 = Release|Any CPU
		{29C192F4-0013-4A7A-9E47-79422DBF3C77}.Ad-Hoc|Any CPU.ActiveCfg = Release|Any CPU
		{29C192F4-0013-4A7A-9E47-79422DBF3C77}.Ad-Hoc|Any CPU.Build.0 = Release|Any CPU
		{29C192F4-0013-4A7A-9E47-79422DBF3C77}.Ad-Hoc|Any CPU.Deploy.0 = Release|Any CPU
		{29C192F4-0013-4A7A-9E47-79422DBF3C77}.Ad-Hoc|ARM.ActiveCfg = Release|Any CPU
		{29C192F4-0013-4A7A-9E47-79422DBF3C77}.Ad-Hoc|ARM.Build.0 = Release|Any CPU
		{29C192F4-0013-4A7A-9E47-79422DBF3C77}.Ad-Hoc|ARM.Deploy.0 = Release|Any CPU
		{29C192F4-0013-4A7A-9E47-79422DBF3C77}.Ad-Hoc|iPhone.ActiveCfg = Release|Any CPU
		{29C192F4-0013-4A7A-9E47-79422DBF3C77}.Ad-Hoc|iPhone.Build.0 = Release|Any CPU
		{29C192F4-0013-4A7A-9E47-79422DBF3C77}.Ad-Hoc|iPhone.Deploy.0 = Release|Any CPU
		{29C192F4-0013-4A7A-9E47-79422DBF3C77}.Ad-Hoc|iPhoneSimulator.ActiveCfg = Release|Any CPU
		{29C192F4-0013-4A7A-9E47-79422DBF3C77}.Ad-Hoc|iPhoneSimulator.Build.0 = Release|Any CPU
		{29C192F4-0013-4A7A-9E47-79422DBF3C77}.Ad-Hoc|iPhoneSimulator.Deploy.0 = Release|Any CPU
		{29C192F4-0013-4A7A-9E47-79422DBF3C77}.Ad-Hoc|x64.ActiveCfg = Release|Any CPU
		{29C192F4-0013-4A7A-9E47-79422DBF3C77}.Ad-Hoc|x64.Build.0 = Release|Any CPU
		{29C192F4-0013-4A7A-9E47-79422DBF3C77}.Ad-Hoc|x64.Deploy.0 = Release|Any CPU
		{29C192F4-0013-4A7A-9E47-79422DBF3C77}.Ad-Hoc|x86.ActiveCfg = Release|Any CPU
		{29C192F4-0013-4A7A-9E47-79422DBF3C77}.Ad-Hoc|x86.Build.0 = Release|Any CPU
		{29C192F4-0013-4A7A-9E47-79422DBF3C77}.Ad-Hoc|x86.Deploy.0 = Release|Any CPU
		{29C192F4-0013-4A7A-9E47-79422DBF3C77}.AppStore|Any CPU.ActiveCfg = Release|Any CPU
		{29C192F4-0013-4A7A-9E47-79422DBF3C77}.AppStore|Any CPU.Build.0 = Release|Any CPU
		{29C192F4-0013-4A7A-9E47-79422DBF3C77}.AppStore|Any CPU.Deploy.0 = Release|Any CPU
		{29C192F4-0013-4A7A-9E47-79422DBF3C77}.AppStore|ARM.ActiveCfg = Release|Any CPU
		{29C192F4-0013-4A7A-9E47-79422DBF3C77}.AppStore|ARM.Build.0 = Release|Any CPU
		{29C192F4-0013-4A7A-9E47-79422DBF3C77}.AppStore|ARM.Deploy.0 = Release|Any CPU
		{29C192F4-0013-4A7A-9E47-79422DBF3C77}.AppStore|iPhone.ActiveCfg = Release|Any CPU
		{29C192F4-0013-4A7A-9E47-79422DBF3C77}.AppStore|iPhone.Build.0 = Release|Any CPU
		{29C192F4-0013-4A7A-9E47-79422DBF3C77}.AppStore|iPhone.Deploy.0 = Release|Any CPU
		{29C192F4-0013-4A7A-9E47-79422DBF3C77}.AppStore|iPhoneSimulator.ActiveCfg = Release|Any CPU
		{29C192F4-0013-4A7A-9E47-79422DBF3C77}.AppStore|iPhoneSimulator.Build.0 = Release|Any CPU
		{29C192F4-0013-4A7A-9E47-79422DBF3C77}.AppStore|iPhoneSimulator.Deploy.0 = Release|Any CPU
		{29C192F4-0013-4A7A-9E47-79422DBF3C77}.AppStore|x64.ActiveCfg = Release|Any CPU
		{29C192F4-0013-4A7A-9E47-79422DBF3C77}.AppStore|x64.Build.0 = Release|Any CPU
		{29C192F4-0013-4A7A-9E47-79422DBF3C77}.AppStore|x64.Deploy.0 = Release|Any CPU
		{29C192F4-0013-4A7A-9E47-79422DBF3C77}.AppStore|x86.ActiveCfg = Release|Any CPU
		{29C192F4-0013-4A7A-9E47-79422DBF3C77}.AppStore|x86.Build.0 = Release|Any CPU
		{29C192F4-0013-4A7A-9E47-79422DBF3C77}.AppStore|x86.Deploy.0 = Release|Any CPU
		{29C192F4-0013-4A7A-9E47-79422DBF3C77}.Debug|Any CPU.ActiveCfg = Debug|Any CPU
		{29C192F4-0013-4A7A-9E47-79422DBF3C77}.Debug|Any CPU.Build.0 = Debug|Any CPU
		{29C192F4-0013-4A7A-9E47-79422DBF3C77}.Debug|Any CPU.Deploy.0 = Debug|Any CPU
		{29C192F4-0013-4A7A-9E47-79422DBF3C77}.Debug|ARM.ActiveCfg = Debug|Any CPU
		{29C192F4-0013-4A7A-9E47-79422DBF3C77}.Debug|ARM.Build.0 = Debug|Any CPU
		{29C192F4-0013-4A7A-9E47-79422DBF3C77}.Debug|ARM.Deploy.0 = Debug|Any CPU
		{29C192F4-0013-4A7A-9E47-79422DBF3C77}.Debug|iPhone.ActiveCfg = Debug|Any CPU
		{29C192F4-0013-4A7A-9E47-79422DBF3C77}.Debug|iPhone.Build.0 = Debug|Any CPU
		{29C192F4-0013-4A7A-9E47-79422DBF3C77}.Debug|iPhone.Deploy.0 = Debug|Any CPU
		{29C192F4-0013-4A7A-9E47-79422DBF3C77}.Debug|iPhoneSimulator.ActiveCfg = Debug|Any CPU
		{29C192F4-0013-4A7A-9E47-79422DBF3C77}.Debug|iPhoneSimulator.Build.0 = Debug|Any CPU
		{29C192F4-0013-4A7A-9E47-79422DBF3C77}.Debug|iPhoneSimulator.Deploy.0 = Debug|Any CPU
		{29C192F4-0013-4A7A-9E47-79422DBF3C77}.Debug|x64.ActiveCfg = Debug|Any CPU
		{29C192F4-0013-4A7A-9E47-79422DBF3C77}.Debug|x64.Build.0 = Debug|Any CPU
		{29C192F4-0013-4A7A-9E47-79422DBF3C77}.Debug|x64.Deploy.0 = Debug|Any CPU
		{29C192F4-0013-4A7A-9E47-79422DBF3C77}.Debug|x86.ActiveCfg = Debug|Any CPU
		{29C192F4-0013-4A7A-9E47-79422DBF3C77}.Debug|x86.Build.0 = Debug|Any CPU
		{29C192F4-0013-4A7A-9E47-79422DBF3C77}.Debug|x86.Deploy.0 = Debug|Any CPU
		{29C192F4-0013-4A7A-9E47-79422DBF3C77}.Release|Any CPU.ActiveCfg = Release|Any CPU
		{29C192F4-0013-4A7A-9E47-79422DBF3C77}.Release|Any CPU.Build.0 = Release|Any CPU
		{29C192F4-0013-4A7A-9E47-79422DBF3C77}.Release|Any CPU.Deploy.0 = Release|Any CPU
		{29C192F4-0013-4A7A-9E47-79422DBF3C77}.Release|ARM.ActiveCfg = Release|Any CPU
		{29C192F4-0013-4A7A-9E47-79422DBF3C77}.Release|ARM.Build.0 = Release|Any CPU
		{29C192F4-0013-4A7A-9E47-79422DBF3C77}.Release|ARM.Deploy.0 = Release|Any CPU
		{29C192F4-0013-4A7A-9E47-79422DBF3C77}.Release|iPhone.ActiveCfg = Release|Any CPU
		{29C192F4-0013-4A7A-9E47-79422DBF3C77}.Release|iPhone.Build.0 = Release|Any CPU
		{29C192F4-0013-4A7A-9E47-79422DBF3C77}.Release|iPhone.Deploy.0 = Release|Any CPU
		{29C192F4-0013-4A7A-9E47-79422DBF3C77}.Release|iPhoneSimulator.ActiveCfg = Release|Any CPU
		{29C192F4-0013-4A7A-9E47-79422DBF3C77}.Release|iPhoneSimulator.Build.0 = Release|Any CPU
		{29C192F4-0013-4A7A-9E47-79422DBF3C77}.Release|iPhoneSimulator.Deploy.0 = Release|Any CPU
		{29C192F4-0013-4A7A-9E47-79422DBF3C77}.Release|x64.ActiveCfg = Release|Any CPU
		{29C192F4-0013-4A7A-9E47-79422DBF3C77}.Release|x64.Build.0 = Release|Any CPU
		{29C192F4-0013-4A7A-9E47-79422DBF3C77}.Release|x64.Deploy.0 = Release|Any CPU
		{29C192F4-0013-4A7A-9E47-79422DBF3C77}.Release|x86.ActiveCfg = Release|Any CPU
		{29C192F4-0013-4A7A-9E47-79422DBF3C77}.Release|x86.Build.0 = Release|Any CPU
		{29C192F4-0013-4A7A-9E47-79422DBF3C77}.Release|x86.Deploy.0 = Release|Any CPU
		{F39167CB-DF82-4674-AF7E-47213CCAE75D}.Ad-Hoc|Any CPU.ActiveCfg = Ad-Hoc|iPhone
		{F39167CB-DF82-4674-AF7E-47213CCAE75D}.Ad-Hoc|ARM.ActiveCfg = Ad-Hoc|iPhone
		{F39167CB-DF82-4674-AF7E-47213CCAE75D}.Ad-Hoc|iPhone.ActiveCfg = Ad-Hoc|iPhone
		{F39167CB-DF82-4674-AF7E-47213CCAE75D}.Ad-Hoc|iPhone.Build.0 = Ad-Hoc|iPhone
		{F39167CB-DF82-4674-AF7E-47213CCAE75D}.Ad-Hoc|iPhoneSimulator.ActiveCfg = Ad-Hoc|iPhoneSimulator
		{F39167CB-DF82-4674-AF7E-47213CCAE75D}.Ad-Hoc|iPhoneSimulator.Build.0 = Ad-Hoc|iPhoneSimulator
		{F39167CB-DF82-4674-AF7E-47213CCAE75D}.Ad-Hoc|x64.ActiveCfg = Ad-Hoc|iPhone
		{F39167CB-DF82-4674-AF7E-47213CCAE75D}.Ad-Hoc|x86.ActiveCfg = Ad-Hoc|iPhone
		{F39167CB-DF82-4674-AF7E-47213CCAE75D}.AppStore|Any CPU.ActiveCfg = AppStore|iPhone
		{F39167CB-DF82-4674-AF7E-47213CCAE75D}.AppStore|ARM.ActiveCfg = AppStore|iPhone
		{F39167CB-DF82-4674-AF7E-47213CCAE75D}.AppStore|iPhone.ActiveCfg = AppStore|iPhone
		{F39167CB-DF82-4674-AF7E-47213CCAE75D}.AppStore|iPhone.Build.0 = AppStore|iPhone
		{F39167CB-DF82-4674-AF7E-47213CCAE75D}.AppStore|iPhoneSimulator.ActiveCfg = AppStore|iPhoneSimulator
		{F39167CB-DF82-4674-AF7E-47213CCAE75D}.AppStore|iPhoneSimulator.Build.0 = AppStore|iPhoneSimulator
		{F39167CB-DF82-4674-AF7E-47213CCAE75D}.AppStore|x64.ActiveCfg = AppStore|iPhone
		{F39167CB-DF82-4674-AF7E-47213CCAE75D}.AppStore|x86.ActiveCfg = AppStore|iPhone
		{F39167CB-DF82-4674-AF7E-47213CCAE75D}.Debug|Any CPU.ActiveCfg = Debug|iPhone
		{F39167CB-DF82-4674-AF7E-47213CCAE75D}.Debug|ARM.ActiveCfg = Debug|iPhone
		{F39167CB-DF82-4674-AF7E-47213CCAE75D}.Debug|iPhone.ActiveCfg = Debug|iPhone
		{F39167CB-DF82-4674-AF7E-47213CCAE75D}.Debug|iPhone.Build.0 = Debug|iPhone
		{F39167CB-DF82-4674-AF7E-47213CCAE75D}.Debug|iPhoneSimulator.ActiveCfg = Debug|iPhoneSimulator
		{F39167CB-DF82-4674-AF7E-47213CCAE75D}.Debug|iPhoneSimulator.Build.0 = Debug|iPhoneSimulator
		{F39167CB-DF82-4674-AF7E-47213CCAE75D}.Debug|x64.ActiveCfg = Debug|iPhone
		{F39167CB-DF82-4674-AF7E-47213CCAE75D}.Debug|x86.ActiveCfg = Debug|iPhone
		{F39167CB-DF82-4674-AF7E-47213CCAE75D}.Release|Any CPU.ActiveCfg = Release|iPhone
		{F39167CB-DF82-4674-AF7E-47213CCAE75D}.Release|ARM.ActiveCfg = Release|iPhone
		{F39167CB-DF82-4674-AF7E-47213CCAE75D}.Release|iPhone.ActiveCfg = Release|iPhone
		{F39167CB-DF82-4674-AF7E-47213CCAE75D}.Release|iPhone.Build.0 = Release|iPhone
		{F39167CB-DF82-4674-AF7E-47213CCAE75D}.Release|iPhoneSimulator.ActiveCfg = Release|iPhoneSimulator
		{F39167CB-DF82-4674-AF7E-47213CCAE75D}.Release|iPhoneSimulator.Build.0 = Release|iPhoneSimulator
		{F39167CB-DF82-4674-AF7E-47213CCAE75D}.Release|x64.ActiveCfg = Release|iPhone
		{F39167CB-DF82-4674-AF7E-47213CCAE75D}.Release|x86.ActiveCfg = Release|iPhone
		{27047D1E-696E-47C7-A5D7-72563C0C2F9E}.Ad-Hoc|Any CPU.ActiveCfg = Release|x64
		{27047D1E-696E-47C7-A5D7-72563C0C2F9E}.Ad-Hoc|Any CPU.Build.0 = Release|x64
		{27047D1E-696E-47C7-A5D7-72563C0C2F9E}.Ad-Hoc|Any CPU.Deploy.0 = Release|x64
		{27047D1E-696E-47C7-A5D7-72563C0C2F9E}.Ad-Hoc|ARM.ActiveCfg = Release|ARM
		{27047D1E-696E-47C7-A5D7-72563C0C2F9E}.Ad-Hoc|ARM.Build.0 = Release|ARM
		{27047D1E-696E-47C7-A5D7-72563C0C2F9E}.Ad-Hoc|ARM.Deploy.0 = Release|ARM
		{27047D1E-696E-47C7-A5D7-72563C0C2F9E}.Ad-Hoc|iPhone.ActiveCfg = Release|x64
		{27047D1E-696E-47C7-A5D7-72563C0C2F9E}.Ad-Hoc|iPhone.Build.0 = Release|x64
		{27047D1E-696E-47C7-A5D7-72563C0C2F9E}.Ad-Hoc|iPhone.Deploy.0 = Release|x64
		{27047D1E-696E-47C7-A5D7-72563C0C2F9E}.Ad-Hoc|iPhoneSimulator.ActiveCfg = Release|x64
		{27047D1E-696E-47C7-A5D7-72563C0C2F9E}.Ad-Hoc|iPhoneSimulator.Build.0 = Release|x64
		{27047D1E-696E-47C7-A5D7-72563C0C2F9E}.Ad-Hoc|iPhoneSimulator.Deploy.0 = Release|x64
		{27047D1E-696E-47C7-A5D7-72563C0C2F9E}.Ad-Hoc|x64.ActiveCfg = Release|x64
		{27047D1E-696E-47C7-A5D7-72563C0C2F9E}.Ad-Hoc|x64.Build.0 = Release|x64
		{27047D1E-696E-47C7-A5D7-72563C0C2F9E}.Ad-Hoc|x64.Deploy.0 = Release|x64
		{27047D1E-696E-47C7-A5D7-72563C0C2F9E}.Ad-Hoc|x86.ActiveCfg = Release|x86
		{27047D1E-696E-47C7-A5D7-72563C0C2F9E}.Ad-Hoc|x86.Build.0 = Release|x86
		{27047D1E-696E-47C7-A5D7-72563C0C2F9E}.Ad-Hoc|x86.Deploy.0 = Release|x86
		{27047D1E-696E-47C7-A5D7-72563C0C2F9E}.AppStore|Any CPU.ActiveCfg = Release|x64
		{27047D1E-696E-47C7-A5D7-72563C0C2F9E}.AppStore|Any CPU.Build.0 = Release|x64
		{27047D1E-696E-47C7-A5D7-72563C0C2F9E}.AppStore|Any CPU.Deploy.0 = Release|x64
		{27047D1E-696E-47C7-A5D7-72563C0C2F9E}.AppStore|ARM.ActiveCfg = Release|ARM
		{27047D1E-696E-47C7-A5D7-72563C0C2F9E}.AppStore|ARM.Build.0 = Release|ARM
		{27047D1E-696E-47C7-A5D7-72563C0C2F9E}.AppStore|ARM.Deploy.0 = Release|ARM
		{27047D1E-696E-47C7-A5D7-72563C0C2F9E}.AppStore|iPhone.ActiveCfg = Release|x64
		{27047D1E-696E-47C7-A5D7-72563C0C2F9E}.AppStore|iPhone.Build.0 = Release|x64
		{27047D1E-696E-47C7-A5D7-72563C0C2F9E}.AppStore|iPhone.Deploy.0 = Release|x64
		{27047D1E-696E-47C7-A5D7-72563C0C2F9E}.AppStore|iPhoneSimulator.ActiveCfg = Release|x64
		{27047D1E-696E-47C7-A5D7-72563C0C2F9E}.AppStore|iPhoneSimulator.Build.0 = Release|x64
		{27047D1E-696E-47C7-A5D7-72563C0C2F9E}.AppStore|iPhoneSimulator.Deploy.0 = Release|x64
		{27047D1E-696E-47C7-A5D7-72563C0C2F9E}.AppStore|x64.ActiveCfg = Release|x64
		{27047D1E-696E-47C7-A5D7-72563C0C2F9E}.AppStore|x64.Build.0 = Release|x64
		{27047D1E-696E-47C7-A5D7-72563C0C2F9E}.AppStore|x64.Deploy.0 = Release|x64
		{27047D1E-696E-47C7-A5D7-72563C0C2F9E}.AppStore|x86.ActiveCfg = Release|x86
		{27047D1E-696E-47C7-A5D7-72563C0C2F9E}.AppStore|x86.Build.0 = Release|x86
		{27047D1E-696E-47C7-A5D7-72563C0C2F9E}.AppStore|x86.Deploy.0 = Release|x86
		{27047D1E-696E-47C7-A5D7-72563C0C2F9E}.Debug|Any CPU.ActiveCfg = Debug|x86
		{27047D1E-696E-47C7-A5D7-72563C0C2F9E}.Debug|ARM.ActiveCfg = Debug|ARM
		{27047D1E-696E-47C7-A5D7-72563C0C2F9E}.Debug|ARM.Build.0 = Debug|ARM
		{27047D1E-696E-47C7-A5D7-72563C0C2F9E}.Debug|ARM.Deploy.0 = Debug|ARM
		{27047D1E-696E-47C7-A5D7-72563C0C2F9E}.Debug|iPhone.ActiveCfg = Debug|x86
		{27047D1E-696E-47C7-A5D7-72563C0C2F9E}.Debug|iPhoneSimulator.ActiveCfg = Debug|x86
		{27047D1E-696E-47C7-A5D7-72563C0C2F9E}.Debug|x64.ActiveCfg = Debug|x64
		{27047D1E-696E-47C7-A5D7-72563C0C2F9E}.Debug|x64.Build.0 = Debug|x64
		{27047D1E-696E-47C7-A5D7-72563C0C2F9E}.Debug|x64.Deploy.0 = Debug|x64
		{27047D1E-696E-47C7-A5D7-72563C0C2F9E}.Debug|x86.ActiveCfg = Debug|x86
		{27047D1E-696E-47C7-A5D7-72563C0C2F9E}.Debug|x86.Build.0 = Debug|x86
		{27047D1E-696E-47C7-A5D7-72563C0C2F9E}.Debug|x86.Deploy.0 = Debug|x86
		{27047D1E-696E-47C7-A5D7-72563C0C2F9E}.Release|Any CPU.ActiveCfg = Release|x86
		{27047D1E-696E-47C7-A5D7-72563C0C2F9E}.Release|ARM.ActiveCfg = Release|ARM
		{27047D1E-696E-47C7-A5D7-72563C0C2F9E}.Release|ARM.Build.0 = Release|ARM
		{27047D1E-696E-47C7-A5D7-72563C0C2F9E}.Release|ARM.Deploy.0 = Release|ARM
		{27047D1E-696E-47C7-A5D7-72563C0C2F9E}.Release|iPhone.ActiveCfg = Release|x86
		{27047D1E-696E-47C7-A5D7-72563C0C2F9E}.Release|iPhoneSimulator.ActiveCfg = Release|x86
		{27047D1E-696E-47C7-A5D7-72563C0C2F9E}.Release|x64.ActiveCfg = Release|x64
		{27047D1E-696E-47C7-A5D7-72563C0C2F9E}.Release|x64.Build.0 = Release|x64
		{27047D1E-696E-47C7-A5D7-72563C0C2F9E}.Release|x64.Deploy.0 = Release|x64
		{27047D1E-696E-47C7-A5D7-72563C0C2F9E}.Release|x86.ActiveCfg = Release|x86
		{27047D1E-696E-47C7-A5D7-72563C0C2F9E}.Release|x86.Build.0 = Release|x86
		{27047D1E-696E-47C7-A5D7-72563C0C2F9E}.Release|x86.Deploy.0 = Release|x86
		{775ED17D-FF1F-4A2A-BA84-3F0D61D2D4D6}.Ad-Hoc|Any CPU.ActiveCfg = Debug|Any CPU
		{775ED17D-FF1F-4A2A-BA84-3F0D61D2D4D6}.Ad-Hoc|Any CPU.Build.0 = Debug|Any CPU
		{775ED17D-FF1F-4A2A-BA84-3F0D61D2D4D6}.Ad-Hoc|ARM.ActiveCfg = Debug|Any CPU
		{775ED17D-FF1F-4A2A-BA84-3F0D61D2D4D6}.Ad-Hoc|ARM.Build.0 = Debug|Any CPU
		{775ED17D-FF1F-4A2A-BA84-3F0D61D2D4D6}.Ad-Hoc|iPhone.ActiveCfg = Debug|Any CPU
		{775ED17D-FF1F-4A2A-BA84-3F0D61D2D4D6}.Ad-Hoc|iPhone.Build.0 = Debug|Any CPU
		{775ED17D-FF1F-4A2A-BA84-3F0D61D2D4D6}.Ad-Hoc|iPhoneSimulator.ActiveCfg = Debug|Any CPU
		{775ED17D-FF1F-4A2A-BA84-3F0D61D2D4D6}.Ad-Hoc|iPhoneSimulator.Build.0 = Debug|Any CPU
		{775ED17D-FF1F-4A2A-BA84-3F0D61D2D4D6}.Ad-Hoc|x64.ActiveCfg = Debug|Any CPU
		{775ED17D-FF1F-4A2A-BA84-3F0D61D2D4D6}.Ad-Hoc|x64.Build.0 = Debug|Any CPU
		{775ED17D-FF1F-4A2A-BA84-3F0D61D2D4D6}.Ad-Hoc|x86.ActiveCfg = Debug|Any CPU
		{775ED17D-FF1F-4A2A-BA84-3F0D61D2D4D6}.Ad-Hoc|x86.Build.0 = Debug|Any CPU
		{775ED17D-FF1F-4A2A-BA84-3F0D61D2D4D6}.AppStore|Any CPU.ActiveCfg = Debug|Any CPU
		{775ED17D-FF1F-4A2A-BA84-3F0D61D2D4D6}.AppStore|Any CPU.Build.0 = Debug|Any CPU
		{775ED17D-FF1F-4A2A-BA84-3F0D61D2D4D6}.AppStore|ARM.ActiveCfg = Debug|Any CPU
		{775ED17D-FF1F-4A2A-BA84-3F0D61D2D4D6}.AppStore|ARM.Build.0 = Debug|Any CPU
		{775ED17D-FF1F-4A2A-BA84-3F0D61D2D4D6}.AppStore|iPhone.ActiveCfg = Debug|Any CPU
		{775ED17D-FF1F-4A2A-BA84-3F0D61D2D4D6}.AppStore|iPhone.Build.0 = Debug|Any CPU
		{775ED17D-FF1F-4A2A-BA84-3F0D61D2D4D6}.AppStore|iPhoneSimulator.ActiveCfg = Debug|Any CPU
		{775ED17D-FF1F-4A2A-BA84-3F0D61D2D4D6}.AppStore|iPhoneSimulator.Build.0 = Debug|Any CPU
		{775ED17D-FF1F-4A2A-BA84-3F0D61D2D4D6}.AppStore|x64.ActiveCfg = Debug|Any CPU
		{775ED17D-FF1F-4A2A-BA84-3F0D61D2D4D6}.AppStore|x64.Build.0 = Debug|Any CPU
		{775ED17D-FF1F-4A2A-BA84-3F0D61D2D4D6}.AppStore|x86.ActiveCfg = Debug|Any CPU
		{775ED17D-FF1F-4A2A-BA84-3F0D61D2D4D6}.AppStore|x86.Build.0 = Debug|Any CPU
		{775ED17D-FF1F-4A2A-BA84-3F0D61D2D4D6}.Debug|Any CPU.ActiveCfg = Debug|Any CPU
		{775ED17D-FF1F-4A2A-BA84-3F0D61D2D4D6}.Debug|Any CPU.Build.0 = Debug|Any CPU
		{775ED17D-FF1F-4A2A-BA84-3F0D61D2D4D6}.Debug|ARM.ActiveCfg = Debug|Any CPU
		{775ED17D-FF1F-4A2A-BA84-3F0D61D2D4D6}.Debug|ARM.Build.0 = Debug|Any CPU
		{775ED17D-FF1F-4A2A-BA84-3F0D61D2D4D6}.Debug|iPhone.ActiveCfg = Debug|Any CPU
		{775ED17D-FF1F-4A2A-BA84-3F0D61D2D4D6}.Debug|iPhone.Build.0 = Debug|Any CPU
		{775ED17D-FF1F-4A2A-BA84-3F0D61D2D4D6}.Debug|iPhoneSimulator.ActiveCfg = Debug|Any CPU
		{775ED17D-FF1F-4A2A-BA84-3F0D61D2D4D6}.Debug|iPhoneSimulator.Build.0 = Debug|Any CPU
		{775ED17D-FF1F-4A2A-BA84-3F0D61D2D4D6}.Debug|x64.ActiveCfg = Debug|Any CPU
		{775ED17D-FF1F-4A2A-BA84-3F0D61D2D4D6}.Debug|x64.Build.0 = Debug|Any CPU
		{775ED17D-FF1F-4A2A-BA84-3F0D61D2D4D6}.Debug|x86.ActiveCfg = Debug|Any CPU
		{775ED17D-FF1F-4A2A-BA84-3F0D61D2D4D6}.Debug|x86.Build.0 = Debug|Any CPU
		{775ED17D-FF1F-4A2A-BA84-3F0D61D2D4D6}.Release|Any CPU.ActiveCfg = Release|Any CPU
		{775ED17D-FF1F-4A2A-BA84-3F0D61D2D4D6}.Release|Any CPU.Build.0 = Release|Any CPU
		{775ED17D-FF1F-4A2A-BA84-3F0D61D2D4D6}.Release|ARM.ActiveCfg = Release|Any CPU
		{775ED17D-FF1F-4A2A-BA84-3F0D61D2D4D6}.Release|ARM.Build.0 = Release|Any CPU
		{775ED17D-FF1F-4A2A-BA84-3F0D61D2D4D6}.Release|iPhone.ActiveCfg = Release|Any CPU
		{775ED17D-FF1F-4A2A-BA84-3F0D61D2D4D6}.Release|iPhone.Build.0 = Release|Any CPU
		{775ED17D-FF1F-4A2A-BA84-3F0D61D2D4D6}.Release|iPhoneSimulator.ActiveCfg = Release|Any CPU
		{775ED17D-FF1F-4A2A-BA84-3F0D61D2D4D6}.Release|iPhoneSimulator.Build.0 = Release|Any CPU
		{775ED17D-FF1F-4A2A-BA84-3F0D61D2D4D6}.Release|x64.ActiveCfg = Release|Any CPU
		{775ED17D-FF1F-4A2A-BA84-3F0D61D2D4D6}.Release|x64.Build.0 = Release|Any CPU
		{775ED17D-FF1F-4A2A-BA84-3F0D61D2D4D6}.Release|x86.ActiveCfg = Release|Any CPU
		{775ED17D-FF1F-4A2A-BA84-3F0D61D2D4D6}.Release|x86.Build.0 = Release|Any CPU
	EndGlobalSection
	GlobalSection(SolutionProperties) = preSolution
		HideSolutionNode = FALSE
	EndGlobalSection
	GlobalSection(NestedProjects) = preSolution
		{29C192F4-0013-4A7A-9E47-79422DBF3C77} = {FF470D50-6D0D-4FF8-8A34-606D83C3AA4D}
		{F39167CB-DF82-4674-AF7E-47213CCAE75D} = {FF470D50-6D0D-4FF8-8A34-606D83C3AA4D}
		{27047D1E-696E-47C7-A5D7-72563C0C2F9E} = {FF470D50-6D0D-4FF8-8A34-606D83C3AA4D}
		{775ED17D-FF1F-4A2A-BA84-3F0D61D2D4D6} = {FF470D50-6D0D-4FF8-8A34-606D83C3AA4D}
	EndGlobalSection
	GlobalSection(ExtensibilityGlobals) = postSolution
		SolutionGuid = {08046756-2701-455E-A49C-FB54C45EE5A8}
	EndGlobalSection
EndGlobal
