
Microsoft Visual Studio Solution File, Format Version 12.00
# Visual Studio Version 16
VisualStudioVersion = 16.0.29709.97
MinimumVisualStudioVersion = 10.0.40219.1
Project("{D954291E-2A0B-460D-934E-DC6B0785DB48}") = "TestApp.Shared", "TestApp\TestApp.Shared\TestApp.Shared.shproj", "{6279C845-92F8-4333-AB99-3D213163593C}"
EndProject
Project("{FAE04EC0-301F-11D3-BF4B-00C04F79EFBC}") = "TestApp.Droid", "TestApp\TestApp.Droid\TestApp.Droid.csproj", "{29C192F4-0013-4A7A-9E47-79422DBF3C77}"
EndProject
Project("{FAE04EC0-301F-11D3-BF4B-00C04F79EFBC}") = "TestApp.iOS", "TestApp\TestApp.iOS\TestApp.iOS.csproj", "{F39167CB-DF82-4674-AF7E-47213CCAE75D}"
EndProject
Project("{FAE04EC0-301F-11D3-BF4B-00C04F79EFBC}") = "TestApp.UWP", "TestApp\TestApp.UWP\TestApp.UWP.csproj", "{27047D1E-696E-47C7-A5D7-72563C0C2F9E}"
EndProject
Project("{9A19103F-16F7-4668-BE54-9A1E7A4F7556}") = "TestApp.Wasm", "TestApp\TestApp.Wasm\TestApp.Wasm.csproj", "{88F67DB0-BE15-4CDE-A80B-59E509D311BD}"
EndProject
Project("{2150E333-8FDC-42A3-9474-1A3956D46DE8}") = "Heads", "Heads", "{FF470D50-6D0D-4FF8-8A34-606D83C3AA4D}"
EndProject
Project("{9A19103F-16F7-4668-BE54-9A1E7A4F7556}") = "WebApp", "WebApp\WebApp.csproj", "{FA04F1BD-E0D0-4975-8867-B03A6E40CF1B}"
EndProject
Project("{9A19103F-16F7-4668-BE54-9A1E7A4F7556}") = "Services", "Services\Services.csproj", "{CA8AE25E-7BF7-44D2-889C-C2F6B4B8C50A}"
EndProject
Global
	GlobalSection(SharedMSBuildProjectFiles) = preSolution
		TestApp\TestApp.Shared\TestApp.Shared.projitems*{27047d1e-696e-47c7-a5d7-72563c0c2f9e}*SharedItemsImports = 4
		TestApp\TestApp.Shared\TestApp.Shared.projitems*{29c192f4-0013-4a7a-9e47-79422dbf3c77}*SharedItemsImports = 4
		TestApp\TestApp.Shared\TestApp.Shared.projitems*{6279c845-92f8-4333-ab99-3d213163593c}*SharedItemsImports = 13
		TestApp\TestApp.Shared\TestApp.Shared.projitems*{f39167cb-df82-4674-af7e-47213ccae75d}*SharedItemsImports = 4
	EndGlobalSection
	GlobalSection(SolutionConfigurationPlatforms) = preSolution
		Ad-Hoc|Any CPU = Ad-Hoc|Any CPU
		Ad-Hoc|ARM = Ad-Hoc|ARM
		Ad-Hoc|iPhone = Ad-Hoc|iPhone
		Ad-Hoc|iPhoneSimulator = Ad-Hoc|iPhoneSimulator
		Ad-Hoc|x64 = Ad-Hoc|x64
		Ad-Hoc|x86 = Ad-Hoc|x86
		AppStore|Any CPU = AppStore|Any CPU
		AppStore|ARM = AppStore|ARM
		AppStore|iPhone = AppStore|iPhone
		AppStore|iPhoneSimulator = AppStore|iPhoneSimulator
		AppStore|x64 = AppStore|x64
		AppStore|x86 = AppStore|x86
		Debug|Any CPU = Debug|Any CPU
		Debug|ARM = Debug|ARM
		Debug|iPhone = Debug|iPhone
		Debug|iPhoneSimulator = Debug|iPhoneSimulator
		Debug|x64 = Debug|x64
		Debug|x86 = Debug|x86
		Release|Any CPU = Release|Any CPU
		Release|ARM = Release|ARM
		Release|iPhone = Release|iPhone
		Release|iPhoneSimulator = Release|iPhoneSimulator
		Release|x64 = Release|x64
		Release|x86 = Release|x86
	EndGlobalSection
	GlobalSection(ProjectConfigurationPlatforms) = postSolution
		{29C192F4-0013-4A7A-9E47-79422DBF3C77}.Ad-Hoc|Any CPU.ActiveCfg = Release|Any CPU
		{29C192F4-0013-4A7A-9E47-79422DBF3C77}.Ad-Hoc|Any CPU.Build.0 = Release|Any CPU
		{29C192F4-0013-4A7A-9E47-79422DBF3C77}.Ad-Hoc|Any CPU.Deploy.0 = Release|Any CPU
		{29C192F4-0013-4A7A-9E47-79422DBF3C77}.Ad-Hoc|ARM.ActiveCfg = Release|Any CPU
		{29C192F4-0013-4A7A-9E47-79422DBF3C77}.Ad-Hoc|ARM.Build.0 = Release|Any CPU
		{29C192F4-0013-4A7A-9E47-79422DBF3C77}.Ad-Hoc|ARM.Deploy.0 = Release|Any CPU
		{29C192F4-0013-4A7A-9E47-79422DBF3C77}.Ad-Hoc|iPhone.ActiveCfg = Release|Any CPU
		{29C192F4-0013-4A7A-9E47-79422DBF3C77}.Ad-Hoc|iPhone.Build.0 = Release|Any CPU
		{29C192F4-0013-4A7A-9E47-79422DBF3C77}.Ad-Hoc|iPhone.Deploy.0 = Release|Any CPU
		{29C192F4-0013-4A7A-9E47-79422DBF3C77}.Ad-Hoc|iPhoneSimulator.ActiveCfg = Release|Any CPU
		{29C192F4-0013-4A7A-9E47-79422DBF3C77}.Ad-Hoc|iPhoneSimulator.Build.0 = Release|Any CPU
		{29C192F4-0013-4A7A-9E47-79422DBF3C77}.Ad-Hoc|iPhoneSimulator.Deploy.0 = Release|Any CPU
		{29C192F4-0013-4A7A-9E47-79422DBF3C77}.Ad-Hoc|x64.ActiveCfg = Release|Any CPU
		{29C192F4-0013-4A7A-9E47-79422DBF3C77}.Ad-Hoc|x64.Build.0 = Release|Any CPU
		{29C192F4-0013-4A7A-9E47-79422DBF3C77}.Ad-Hoc|x64.Deploy.0 = Release|Any CPU
		{29C192F4-0013-4A7A-9E47-79422DBF3C77}.Ad-Hoc|x86.ActiveCfg = Release|Any CPU
		{29C192F4-0013-4A7A-9E47-79422DBF3C77}.Ad-Hoc|x86.Build.0 = Release|Any CPU
		{29C192F4-0013-4A7A-9E47-79422DBF3C77}.Ad-Hoc|x86.Deploy.0 = Release|Any CPU
		{29C192F4-0013-4A7A-9E47-79422DBF3C77}.AppStore|Any CPU.ActiveCfg = Release|Any CPU
		{29C192F4-0013-4A7A-9E47-79422DBF3C77}.AppStore|Any CPU.Build.0 = Release|Any CPU
		{29C192F4-0013-4A7A-9E47-79422DBF3C77}.AppStore|Any CPU.Deploy.0 = Release|Any CPU
		{29C192F4-0013-4A7A-9E47-79422DBF3C77}.AppStore|ARM.ActiveCfg = Release|Any CPU
		{29C192F4-0013-4A7A-9E47-79422DBF3C77}.AppStore|ARM.Build.0 = Release|Any CPU
		{29C192F4-0013-4A7A-9E47-79422DBF3C77}.AppStore|ARM.Deploy.0 = Release|Any CPU
		{29C192F4-0013-4A7A-9E47-79422DBF3C77}.AppStore|iPhone.ActiveCfg = Release|Any CPU
		{29C192F4-0013-4A7A-9E47-79422DBF3C77}.AppStore|iPhone.Build.0 = Release|Any CPU
		{29C192F4-0013-4A7A-9E47-79422DBF3C77}.AppStore|iPhone.Deploy.0 = Release|Any CPU
		{29C192F4-0013-4A7A-9E47-79422DBF3C77}.AppStore|iPhoneSimulator.ActiveCfg = Release|Any CPU
		{29C192F4-0013-4A7A-9E47-79422DBF3C77}.AppStore|iPhoneSimulator.Build.0 = Release|Any CPU
		{29C192F4-0013-4A7A-9E47-79422DBF3C77}.AppStore|iPhoneSimulator.Deploy.0 = Release|Any CPU
		{29C192F4-0013-4A7A-9E47-79422DBF3C77}.AppStore|x64.ActiveCfg = Release|Any CPU
		{29C192F4-0013-4A7A-9E47-79422DBF3C77}.AppStore|x64.Build.0 = Release|Any CPU
		{29C192F4-0013-4A7A-9E47-79422DBF3C77}.AppStore|x64.Deploy.0 = Release|Any CPU
		{29C192F4-0013-4A7A-9E47-79422DBF3C77}.AppStore|x86.ActiveCfg = Release|Any CPU
		{29C192F4-0013-4A7A-9E47-79422DBF3C77}.AppStore|x86.Build.0 = Release|Any CPU
		{29C192F4-0013-4A7A-9E47-79422DBF3C77}.AppStore|x86.Deploy.0 = Release|Any CPU
		{29C192F4-0013-4A7A-9E47-79422DBF3C77}.Debug|Any CPU.ActiveCfg = Debug|Any CPU
		{29C192F4-0013-4A7A-9E47-79422DBF3C77}.Debug|Any CPU.Build.0 = Debug|Any CPU
		{29C192F4-0013-4A7A-9E47-79422DBF3C77}.Debug|Any CPU.Deploy.0 = Debug|Any CPU
		{29C192F4-0013-4A7A-9E47-79422DBF3C77}.Debug|ARM.ActiveCfg = Debug|Any CPU
		{29C192F4-0013-4A7A-9E47-79422DBF3C77}.Debug|ARM.Build.0 = Debug|Any CPU
		{29C192F4-0013-4A7A-9E47-79422DBF3C77}.Debug|ARM.Deploy.0 = Debug|Any CPU
		{29C192F4-0013-4A7A-9E47-79422DBF3C77}.Debug|iPhone.ActiveCfg = Debug|Any CPU
		{29C192F4-0013-4A7A-9E47-79422DBF3C77}.Debug|iPhone.Build.0 = Debug|Any CPU
		{29C192F4-0013-4A7A-9E47-79422DBF3C77}.Debug|iPhone.Deploy.0 = Debug|Any CPU
		{29C192F4-0013-4A7A-9E47-79422DBF3C77}.Debug|iPhoneSimulator.ActiveCfg = Debug|Any CPU
		{29C192F4-0013-4A7A-9E47-79422DBF3C77}.Debug|iPhoneSimulator.Build.0 = Debug|Any CPU
		{29C192F4-0013-4A7A-9E47-79422DBF3C77}.Debug|iPhoneSimulator.Deploy.0 = Debug|Any CPU
		{29C192F4-0013-4A7A-9E47-79422DBF3C77}.Debug|x64.ActiveCfg = Debug|Any CPU
		{29C192F4-0013-4A7A-9E47-79422DBF3C77}.Debug|x64.Build.0 = Debug|Any CPU
		{29C192F4-0013-4A7A-9E47-79422DBF3C77}.Debug|x64.Deploy.0 = Debug|Any CPU
		{29C192F4-0013-4A7A-9E47-79422DBF3C77}.Debug|x86.ActiveCfg = Debug|Any CPU
		{29C192F4-0013-4A7A-9E47-79422DBF3C77}.Debug|x86.Build.0 = Debug|Any CPU
		{29C192F4-0013-4A7A-9E47-79422DBF3C77}.Debug|x86.Deploy.0 = Debug|Any CPU
		{29C192F4-0013-4A7A-9E47-79422DBF3C77}.Release|Any CPU.ActiveCfg = Release|Any CPU
		{29C192F4-0013-4A7A-9E47-79422DBF3C77}.Release|Any CPU.Build.0 = Release|Any CPU
		{29C192F4-0013-4A7A-9E47-79422DBF3C77}.Release|Any CPU.Deploy.0 = Release|Any CPU
		{29C192F4-0013-4A7A-9E47-79422DBF3C77}.Release|ARM.ActiveCfg = Release|Any CPU
		{29C192F4-0013-4A7A-9E47-79422DBF3C77}.Release|ARM.Build.0 = Release|Any CPU
		{29C192F4-0013-4A7A-9E47-79422DBF3C77}.Release|ARM.Deploy.0 = Release|Any CPU
		{29C192F4-0013-4A7A-9E47-79422DBF3C77}.Release|iPhone.ActiveCfg = Release|Any CPU
		{29C192F4-0013-4A7A-9E47-79422DBF3C77}.Release|iPhone.Build.0 = Release|Any CPU
		{29C192F4-0013-4A7A-9E47-79422DBF3C77}.Release|iPhone.Deploy.0 = Release|Any CPU
		{29C192F4-0013-4A7A-9E47-79422DBF3C77}.Release|iPhoneSimulator.ActiveCfg = Release|Any CPU
		{29C192F4-0013-4A7A-9E47-79422DBF3C77}.Release|iPhoneSimulator.Build.0 = Release|Any CPU
		{29C192F4-0013-4A7A-9E47-79422DBF3C77}.Release|iPhoneSimulator.Deploy.0 = Release|Any CPU
		{29C192F4-0013-4A7A-9E47-79422DBF3C77}.Release|x64.ActiveCfg = Release|Any CPU
		{29C192F4-0013-4A7A-9E47-79422DBF3C77}.Release|x64.Build.0 = Release|Any CPU
		{29C192F4-0013-4A7A-9E47-79422DBF3C77}.Release|x64.Deploy.0 = Release|Any CPU
		{29C192F4-0013-4A7A-9E47-79422DBF3C77}.Release|x86.ActiveCfg = Release|Any CPU
		{29C192F4-0013-4A7A-9E47-79422DBF3C77}.Release|x86.Build.0 = Release|Any CPU
		{29C192F4-0013-4A7A-9E47-79422DBF3C77}.Release|x86.Deploy.0 = Release|Any CPU
		{F39167CB-DF82-4674-AF7E-47213CCAE75D}.Ad-Hoc|Any CPU.ActiveCfg = Ad-Hoc|iPhone
		{F39167CB-DF82-4674-AF7E-47213CCAE75D}.Ad-Hoc|ARM.ActiveCfg = Ad-Hoc|iPhone
		{F39167CB-DF82-4674-AF7E-47213CCAE75D}.Ad-Hoc|iPhone.ActiveCfg = Ad-Hoc|iPhone
		{F39167CB-DF82-4674-AF7E-47213CCAE75D}.Ad-Hoc|iPhone.Build.0 = Ad-Hoc|iPhone
		{F39167CB-DF82-4674-AF7E-47213CCAE75D}.Ad-Hoc|iPhoneSimulator.ActiveCfg = Ad-Hoc|iPhoneSimulator
		{F39167CB-DF82-4674-AF7E-47213CCAE75D}.Ad-Hoc|iPhoneSimulator.Build.0 = Ad-Hoc|iPhoneSimulator
		{F39167CB-DF82-4674-AF7E-47213CCAE75D}.Ad-Hoc|x64.ActiveCfg = Ad-Hoc|iPhone
		{F39167CB-DF82-4674-AF7E-47213CCAE75D}.Ad-Hoc|x86.ActiveCfg = Ad-Hoc|iPhone
		{F39167CB-DF82-4674-AF7E-47213CCAE75D}.AppStore|Any CPU.ActiveCfg = AppStore|iPhone
		{F39167CB-DF82-4674-AF7E-47213CCAE75D}.AppStore|ARM.ActiveCfg = AppStore|iPhone
		{F39167CB-DF82-4674-AF7E-47213CCAE75D}.AppStore|iPhone.ActiveCfg = AppStore|iPhone
		{F39167CB-DF82-4674-AF7E-47213CCAE75D}.AppStore|iPhone.Build.0 = AppStore|iPhone
		{F39167CB-DF82-4674-AF7E-47213CCAE75D}.AppStore|iPhoneSimulator.ActiveCfg = AppStore|iPhoneSimulator
		{F39167CB-DF82-4674-AF7E-47213CCAE75D}.AppStore|iPhoneSimulator.Build.0 = AppStore|iPhoneSimulator
		{F39167CB-DF82-4674-AF7E-47213CCAE75D}.AppStore|x64.ActiveCfg = AppStore|iPhone
		{F39167CB-DF82-4674-AF7E-47213CCAE75D}.AppStore|x86.ActiveCfg = AppStore|iPhone
		{F39167CB-DF82-4674-AF7E-47213CCAE75D}.Debug|Any CPU.ActiveCfg = Debug|iPhone
		{F39167CB-DF82-4674-AF7E-47213CCAE75D}.Debug|ARM.ActiveCfg = Debug|iPhone
		{F39167CB-DF82-4674-AF7E-47213CCAE75D}.Debug|iPhone.ActiveCfg = Debug|iPhone
		{F39167CB-DF82-4674-AF7E-47213CCAE75D}.Debug|iPhone.Build.0 = Debug|iPhone
		{F39167CB-DF82-4674-AF7E-47213CCAE75D}.Debug|iPhoneSimulator.ActiveCfg = Debug|iPhoneSimulator
		{F39167CB-DF82-4674-AF7E-47213CCAE75D}.Debug|iPhoneSimulator.Build.0 = Debug|iPhoneSimulator
		{F39167CB-DF82-4674-AF7E-47213CCAE75D}.Debug|x64.ActiveCfg = Debug|iPhone
		{F39167CB-DF82-4674-AF7E-47213CCAE75D}.Debug|x86.ActiveCfg = Debug|iPhone
		{F39167CB-DF82-4674-AF7E-47213CCAE75D}.Release|Any CPU.ActiveCfg = Release|iPhone
		{F39167CB-DF82-4674-AF7E-47213CCAE75D}.Release|ARM.ActiveCfg = Release|iPhone
		{F39167CB-DF82-4674-AF7E-47213CCAE75D}.Release|iPhone.ActiveCfg = Release|iPhone
		{F39167CB-DF82-4674-AF7E-47213CCAE75D}.Release|iPhone.Build.0 = Release|iPhone
		{F39167CB-DF82-4674-AF7E-47213CCAE75D}.Release|iPhoneSimulator.ActiveCfg = Release|iPhoneSimulator
		{F39167CB-DF82-4674-AF7E-47213CCAE75D}.Release|iPhoneSimulator.Build.0 = Release|iPhoneSimulator
		{F39167CB-DF82-4674-AF7E-47213CCAE75D}.Release|x64.ActiveCfg = Release|iPhone
		{F39167CB-DF82-4674-AF7E-47213CCAE75D}.Release|x86.ActiveCfg = Release|iPhone
		{27047D1E-696E-47C7-A5D7-72563C0C2F9E}.Ad-Hoc|Any CPU.ActiveCfg = Release|x64
		{27047D1E-696E-47C7-A5D7-72563C0C2F9E}.Ad-Hoc|Any CPU.Build.0 = Release|x64
		{27047D1E-696E-47C7-A5D7-72563C0C2F9E}.Ad-Hoc|Any CPU.Deploy.0 = Release|x64
		{27047D1E-696E-47C7-A5D7-72563C0C2F9E}.Ad-Hoc|ARM.ActiveCfg = Release|ARM
		{27047D1E-696E-47C7-A5D7-72563C0C2F9E}.Ad-Hoc|ARM.Build.0 = Release|ARM
		{27047D1E-696E-47C7-A5D7-72563C0C2F9E}.Ad-Hoc|ARM.Deploy.0 = Release|ARM
		{27047D1E-696E-47C7-A5D7-72563C0C2F9E}.Ad-Hoc|iPhone.ActiveCfg = Release|x64
		{27047D1E-696E-47C7-A5D7-72563C0C2F9E}.Ad-Hoc|iPhone.Build.0 = Release|x64
		{27047D1E-696E-47C7-A5D7-72563C0C2F9E}.Ad-Hoc|iPhone.Deploy.0 = Release|x64
		{27047D1E-696E-47C7-A5D7-72563C0C2F9E}.Ad-Hoc|iPhoneSimulator.ActiveCfg = Release|x64
		{27047D1E-696E-47C7-A5D7-72563C0C2F9E}.Ad-Hoc|iPhoneSimulator.Build.0 = Release|x64
		{27047D1E-696E-47C7-A5D7-72563C0C2F9E}.Ad-Hoc|iPhoneSimulator.Deploy.0 = Release|x64
		{27047D1E-696E-47C7-A5D7-72563C0C2F9E}.Ad-Hoc|x64.ActiveCfg = Release|x64
		{27047D1E-696E-47C7-A5D7-72563C0C2F9E}.Ad-Hoc|x64.Build.0 = Release|x64
		{27047D1E-696E-47C7-A5D7-72563C0C2F9E}.Ad-Hoc|x64.Deploy.0 = Release|x64
		{27047D1E-696E-47C7-A5D7-72563C0C2F9E}.Ad-Hoc|x86.ActiveCfg = Release|x86
		{27047D1E-696E-47C7-A5D7-72563C0C2F9E}.Ad-Hoc|x86.Build.0 = Release|x86
		{27047D1E-696E-47C7-A5D7-72563C0C2F9E}.Ad-Hoc|x86.Deploy.0 = Release|x86
		{27047D1E-696E-47C7-A5D7-72563C0C2F9E}.AppStore|Any CPU.ActiveCfg = Release|x64
		{27047D1E-696E-47C7-A5D7-72563C0C2F9E}.AppStore|Any CPU.Build.0 = Release|x64
		{27047D1E-696E-47C7-A5D7-72563C0C2F9E}.AppStore|Any CPU.Deploy.0 = Release|x64
		{27047D1E-696E-47C7-A5D7-72563C0C2F9E}.AppStore|ARM.ActiveCfg = Release|ARM
		{27047D1E-696E-47C7-A5D7-72563C0C2F9E}.AppStore|ARM.Build.0 = Release|ARM
		{27047D1E-696E-47C7-A5D7-72563C0C2F9E}.AppStore|ARM.Deploy.0 = Release|ARM
		{27047D1E-696E-47C7-A5D7-72563C0C2F9E}.AppStore|iPhone.ActiveCfg = Release|x64
		{27047D1E-696E-47C7-A5D7-72563C0C2F9E}.AppStore|iPhone.Build.0 = Release|x64
		{27047D1E-696E-47C7-A5D7-72563C0C2F9E}.AppStore|iPhone.Deploy.0 = Release|x64
		{27047D1E-696E-47C7-A5D7-72563C0C2F9E}.AppStore|iPhoneSimulator.ActiveCfg = Release|x64
		{27047D1E-696E-47C7-A5D7-72563C0C2F9E}.AppStore|iPhoneSimulator.Build.0 = Release|x64
		{27047D1E-696E-47C7-A5D7-72563C0C2F9E}.AppStore|iPhoneSimulator.Deploy.0 = Release|x64
		{27047D1E-696E-47C7-A5D7-72563C0C2F9E}.AppStore|x64.ActiveCfg = Release|x64
		{27047D1E-696E-47C7-A5D7-72563C0C2F9E}.AppStore|x64.Build.0 = Release|x64
		{27047D1E-696E-47C7-A5D7-72563C0C2F9E}.AppStore|x64.Deploy.0 = Release|x64
		{27047D1E-696E-47C7-A5D7-72563C0C2F9E}.AppStore|x86.ActiveCfg = Release|x86
		{27047D1E-696E-47C7-A5D7-72563C0C2F9E}.AppStore|x86.Build.0 = Release|x86
		{27047D1E-696E-47C7-A5D7-72563C0C2F9E}.AppStore|x86.Deploy.0 = Release|x86
		{27047D1E-696E-47C7-A5D7-72563C0C2F9E}.Debug|Any CPU.ActiveCfg = Debug|x86
		{27047D1E-696E-47C7-A5D7-72563C0C2F9E}.Debug|ARM.ActiveCfg = Debug|ARM
		{27047D1E-696E-47C7-A5D7-72563C0C2F9E}.Debug|ARM.Build.0 = Debug|ARM
		{27047D1E-696E-47C7-A5D7-72563C0C2F9E}.Debug|ARM.Deploy.0 = Debug|ARM
		{27047D1E-696E-47C7-A5D7-72563C0C2F9E}.Debug|iPhone.ActiveCfg = Debug|x86
		{27047D1E-696E-47C7-A5D7-72563C0C2F9E}.Debug|iPhoneSimulator.ActiveCfg = Debug|x86
		{27047D1E-696E-47C7-A5D7-72563C0C2F9E}.Debug|x64.ActiveCfg = Debug|x64
		{27047D1E-696E-47C7-A5D7-72563C0C2F9E}.Debug|x64.Build.0 = Debug|x64
		{27047D1E-696E-47C7-A5D7-72563C0C2F9E}.Debug|x64.Deploy.0 = Debug|x64
		{27047D1E-696E-47C7-A5D7-72563C0C2F9E}.Debug|x86.ActiveCfg = Debug|x86
		{27047D1E-696E-47C7-A5D7-72563C0C2F9E}.Debug|x86.Build.0 = Debug|x86
		{27047D1E-696E-47C7-A5D7-72563C0C2F9E}.Debug|x86.Deploy.0 = Debug|x86
		{27047D1E-696E-47C7-A5D7-72563C0C2F9E}.Release|Any CPU.ActiveCfg = Release|x86
		{27047D1E-696E-47C7-A5D7-72563C0C2F9E}.Release|ARM.ActiveCfg = Release|ARM
		{27047D1E-696E-47C7-A5D7-72563C0C2F9E}.Release|ARM.Build.0 = Release|ARM
		{27047D1E-696E-47C7-A5D7-72563C0C2F9E}.Release|ARM.Deploy.0 = Release|ARM
		{27047D1E-696E-47C7-A5D7-72563C0C2F9E}.Release|iPhone.ActiveCfg = Release|x86
		{27047D1E-696E-47C7-A5D7-72563C0C2F9E}.Release|iPhoneSimulator.ActiveCfg = Release|x86
		{27047D1E-696E-47C7-A5D7-72563C0C2F9E}.Release|x64.ActiveCfg = Release|x64
		{27047D1E-696E-47C7-A5D7-72563C0C2F9E}.Release|x64.Build.0 = Release|x64
		{27047D1E-696E-47C7-A5D7-72563C0C2F9E}.Release|x64.Deploy.0 = Release|x64
		{27047D1E-696E-47C7-A5D7-72563C0C2F9E}.Release|x86.ActiveCfg = Release|x86
		{27047D1E-696E-47C7-A5D7-72563C0C2F9E}.Release|x86.Build.0 = Release|x86
		{27047D1E-696E-47C7-A5D7-72563C0C2F9E}.Release|x86.Deploy.0 = Release|x86
		{88F67DB0-BE15-4CDE-A80B-59E509D311BD}.Ad-Hoc|Any CPU.ActiveCfg = Debug|Any CPU
		{88F67DB0-BE15-4CDE-A80B-59E509D311BD}.Ad-Hoc|Any CPU.Build.0 = Debug|Any CPU
		{88F67DB0-BE15-4CDE-A80B-59E509D311BD}.Ad-Hoc|ARM.ActiveCfg = Debug|Any CPU
		{88F67DB0-BE15-4CDE-A80B-59E509D311BD}.Ad-Hoc|ARM.Build.0 = Debug|Any CPU
		{88F67DB0-BE15-4CDE-A80B-59E509D311BD}.Ad-Hoc|iPhone.ActiveCfg = Debug|Any CPU
		{88F67DB0-BE15-4CDE-A80B-59E509D311BD}.Ad-Hoc|iPhone.Build.0 = Debug|Any CPU
		{88F67DB0-BE15-4CDE-A80B-59E509D311BD}.Ad-Hoc|iPhoneSimulator.ActiveCfg = Debug|Any CPU
		{88F67DB0-BE15-4CDE-A80B-59E509D311BD}.Ad-Hoc|iPhoneSimulator.Build.0 = Debug|Any CPU
		{88F67DB0-BE15-4CDE-A80B-59E509D311BD}.Ad-Hoc|x64.ActiveCfg = Debug|Any CPU
		{88F67DB0-BE15-4CDE-A80B-59E509D311BD}.Ad-Hoc|x64.Build.0 = Debug|Any CPU
		{88F67DB0-BE15-4CDE-A80B-59E509D311BD}.Ad-Hoc|x86.ActiveCfg = Debug|Any CPU
		{88F67DB0-BE15-4CDE-A80B-59E509D311BD}.Ad-Hoc|x86.Build.0 = Debug|Any CPU
		{88F67DB0-BE15-4CDE-A80B-59E509D311BD}.AppStore|Any CPU.ActiveCfg = Debug|Any CPU
		{88F67DB0-BE15-4CDE-A80B-59E509D311BD}.AppStore|Any CPU.Build.0 = Debug|Any CPU
		{88F67DB0-BE15-4CDE-A80B-59E509D311BD}.AppStore|ARM.ActiveCfg = Debug|Any CPU
		{88F67DB0-BE15-4CDE-A80B-59E509D311BD}.AppStore|ARM.Build.0 = Debug|Any CPU
		{88F67DB0-BE15-4CDE-A80B-59E509D311BD}.AppStore|iPhone.ActiveCfg = Debug|Any CPU
		{88F67DB0-BE15-4CDE-A80B-59E509D311BD}.AppStore|iPhone.Build.0 = Debug|Any CPU
		{88F67DB0-BE15-4CDE-A80B-59E509D311BD}.AppStore|iPhoneSimulator.ActiveCfg = Debug|Any CPU
		{88F67DB0-BE15-4CDE-A80B-59E509D311BD}.AppStore|iPhoneSimulator.Build.0 = Debug|Any CPU
		{88F67DB0-BE15-4CDE-A80B-59E509D311BD}.AppStore|x64.ActiveCfg = Debug|Any CPU
		{88F67DB0-BE15-4CDE-A80B-59E509D311BD}.AppStore|x64.Build.0 = Debug|Any CPU
		{88F67DB0-BE15-4CDE-A80B-59E509D311BD}.AppStore|x86.ActiveCfg = Debug|Any CPU
		{88F67DB0-BE15-4CDE-A80B-59E509D311BD}.AppStore|x86.Build.0 = Debug|Any CPU
		{88F67DB0-BE15-4CDE-A80B-59E509D311BD}.Debug|Any CPU.ActiveCfg = Debug|Any CPU
		{88F67DB0-BE15-4CDE-A80B-59E509D311BD}.Debug|Any CPU.Build.0 = Debug|Any CPU
		{88F67DB0-BE15-4CDE-A80B-59E509D311BD}.Debug|ARM.ActiveCfg = Debug|Any CPU
		{88F67DB0-BE15-4CDE-A80B-59E509D311BD}.Debug|ARM.Build.0 = Debug|Any CPU
		{88F67DB0-BE15-4CDE-A80B-59E509D311BD}.Debug|iPhone.ActiveCfg = Debug|Any CPU
		{88F67DB0-BE15-4CDE-A80B-59E509D311BD}.Debug|iPhone.Build.0 = Debug|Any CPU
		{88F67DB0-BE15-4CDE-A80B-59E509D311BD}.Debug|iPhoneSimulator.ActiveCfg = Debug|Any CPU
		{88F67DB0-BE15-4CDE-A80B-59E509D311BD}.Debug|iPhoneSimulator.Build.0 = Debug|Any CPU
		{88F67DB0-BE15-4CDE-A80B-59E509D311BD}.Debug|x64.ActiveCfg = Debug|Any CPU
		{88F67DB0-BE15-4CDE-A80B-59E509D311BD}.Debug|x64.Build.0 = Debug|Any CPU
		{88F67DB0-BE15-4CDE-A80B-59E509D311BD}.Debug|x86.ActiveCfg = Debug|Any CPU
		{88F67DB0-BE15-4CDE-A80B-59E509D311BD}.Debug|x86.Build.0 = Debug|Any CPU
		{88F67DB0-BE15-4CDE-A80B-59E509D311BD}.Release|Any CPU.ActiveCfg = Release|Any CPU
		{88F67DB0-BE15-4CDE-A80B-59E509D311BD}.Release|Any CPU.Build.0 = Release|Any CPU
		{88F67DB0-BE15-4CDE-A80B-59E509D311BD}.Release|ARM.ActiveCfg = Release|Any CPU
		{88F67DB0-BE15-4CDE-A80B-59E509D311BD}.Release|ARM.Build.0 = Release|Any CPU
		{88F67DB0-BE15-4CDE-A80B-59E509D311BD}.Release|iPhone.ActiveCfg = Release|Any CPU
		{88F67DB0-BE15-4CDE-A80B-59E509D311BD}.Release|iPhone.Build.0 = Release|Any CPU
		{88F67DB0-BE15-4CDE-A80B-59E509D311BD}.Release|iPhoneSimulator.ActiveCfg = Release|Any CPU
		{88F67DB0-BE15-4CDE-A80B-59E509D311BD}.Release|iPhoneSimulator.Build.0 = Release|Any CPU
		{88F67DB0-BE15-4CDE-A80B-59E509D311BD}.Release|x64.ActiveCfg = Release|Any CPU
		{88F67DB0-BE15-4CDE-A80B-59E509D311BD}.Release|x64.Build.0 = Release|Any CPU
		{88F67DB0-BE15-4CDE-A80B-59E509D311BD}.Release|x86.ActiveCfg = Release|Any CPU
		{88F67DB0-BE15-4CDE-A80B-59E509D311BD}.Release|x86.Build.0 = Release|Any CPU
		{FA04F1BD-E0D0-4975-8867-B03A6E40CF1B}.Ad-Hoc|Any CPU.ActiveCfg = Debug|Any CPU
		{FA04F1BD-E0D0-4975-8867-B03A6E40CF1B}.Ad-Hoc|Any CPU.Build.0 = Debug|Any CPU
		{FA04F1BD-E0D0-4975-8867-B03A6E40CF1B}.Ad-Hoc|ARM.ActiveCfg = Debug|Any CPU
		{FA04F1BD-E0D0-4975-8867-B03A6E40CF1B}.Ad-Hoc|ARM.Build.0 = Debug|Any CPU
		{FA04F1BD-E0D0-4975-8867-B03A6E40CF1B}.Ad-Hoc|iPhone.ActiveCfg = Debug|Any CPU
		{FA04F1BD-E0D0-4975-8867-B03A6E40CF1B}.Ad-Hoc|iPhone.Build.0 = Debug|Any CPU
		{FA04F1BD-E0D0-4975-8867-B03A6E40CF1B}.Ad-Hoc|iPhoneSimulator.ActiveCfg = Debug|Any CPU
		{FA04F1BD-E0D0-4975-8867-B03A6E40CF1B}.Ad-Hoc|iPhoneSimulator.Build.0 = Debug|Any CPU
		{FA04F1BD-E0D0-4975-8867-B03A6E40CF1B}.Ad-Hoc|x64.ActiveCfg = Debug|Any CPU
		{FA04F1BD-E0D0-4975-8867-B03A6E40CF1B}.Ad-Hoc|x64.Build.0 = Debug|Any CPU
		{FA04F1BD-E0D0-4975-8867-B03A6E40CF1B}.Ad-Hoc|x86.ActiveCfg = Debug|Any CPU
		{FA04F1BD-E0D0-4975-8867-B03A6E40CF1B}.Ad-Hoc|x86.Build.0 = Debug|Any CPU
		{FA04F1BD-E0D0-4975-8867-B03A6E40CF1B}.AppStore|Any CPU.ActiveCfg = Debug|Any CPU
		{FA04F1BD-E0D0-4975-8867-B03A6E40CF1B}.AppStore|Any CPU.Build.0 = Debug|Any CPU
		{FA04F1BD-E0D0-4975-8867-B03A6E40CF1B}.AppStore|ARM.ActiveCfg = Debug|Any CPU
		{FA04F1BD-E0D0-4975-8867-B03A6E40CF1B}.AppStore|ARM.Build.0 = Debug|Any CPU
		{FA04F1BD-E0D0-4975-8867-B03A6E40CF1B}.AppStore|iPhone.ActiveCfg = Debug|Any CPU
		{FA04F1BD-E0D0-4975-8867-B03A6E40CF1B}.AppStore|iPhone.Build.0 = Debug|Any CPU
		{FA04F1BD-E0D0-4975-8867-B03A6E40CF1B}.AppStore|iPhoneSimulator.ActiveCfg = Debug|Any CPU
		{FA04F1BD-E0D0-4975-8867-B03A6E40CF1B}.AppStore|iPhoneSimulator.Build.0 = Debug|Any CPU
		{FA04F1BD-E0D0-4975-8867-B03A6E40CF1B}.AppStore|x64.ActiveCfg = Debug|Any CPU
		{FA04F1BD-E0D0-4975-8867-B03A6E40CF1B}.AppStore|x64.Build.0 = Debug|Any CPU
		{FA04F1BD-E0D0-4975-8867-B03A6E40CF1B}.AppStore|x86.ActiveCfg = Debug|Any CPU
		{FA04F1BD-E0D0-4975-8867-B03A6E40CF1B}.AppStore|x86.Build.0 = Debug|Any CPU
		{FA04F1BD-E0D0-4975-8867-B03A6E40CF1B}.Debug|Any CPU.ActiveCfg = Debug|Any CPU
		{FA04F1BD-E0D0-4975-8867-B03A6E40CF1B}.Debug|Any CPU.Build.0 = Debug|Any CPU
		{FA04F1BD-E0D0-4975-8867-B03A6E40CF1B}.Debug|ARM.ActiveCfg = Debug|Any CPU
		{FA04F1BD-E0D0-4975-8867-B03A6E40CF1B}.Debug|ARM.Build.0 = Debug|Any CPU
		{FA04F1BD-E0D0-4975-8867-B03A6E40CF1B}.Debug|iPhone.ActiveCfg = Debug|Any CPU
		{FA04F1BD-E0D0-4975-8867-B03A6E40CF1B}.Debug|iPhone.Build.0 = Debug|Any CPU
		{FA04F1BD-E0D0-4975-8867-B03A6E40CF1B}.Debug|iPhoneSimulator.ActiveCfg = Debug|Any CPU
		{FA04F1BD-E0D0-4975-8867-B03A6E40CF1B}.Debug|iPhoneSimulator.Build.0 = Debug|Any CPU
		{FA04F1BD-E0D0-4975-8867-B03A6E40CF1B}.Debug|x64.ActiveCfg = Debug|Any CPU
		{FA04F1BD-E0D0-4975-8867-B03A6E40CF1B}.Debug|x64.Build.0 = Debug|Any CPU
		{FA04F1BD-E0D0-4975-8867-B03A6E40CF1B}.Debug|x86.ActiveCfg = Debug|Any CPU
		{FA04F1BD-E0D0-4975-8867-B03A6E40CF1B}.Debug|x86.Build.0 = Debug|Any CPU
		{FA04F1BD-E0D0-4975-8867-B03A6E40CF1B}.Release|Any CPU.ActiveCfg = Release|Any CPU
		{FA04F1BD-E0D0-4975-8867-B03A6E40CF1B}.Release|Any CPU.Build.0 = Release|Any CPU
		{FA04F1BD-E0D0-4975-8867-B03A6E40CF1B}.Release|ARM.ActiveCfg = Release|Any CPU
		{FA04F1BD-E0D0-4975-8867-B03A6E40CF1B}.Release|ARM.Build.0 = Release|Any CPU
		{FA04F1BD-E0D0-4975-8867-B03A6E40CF1B}.Release|iPhone.ActiveCfg = Release|Any CPU
		{FA04F1BD-E0D0-4975-8867-B03A6E40CF1B}.Release|iPhone.Build.0 = Release|Any CPU
		{FA04F1BD-E0D0-4975-8867-B03A6E40CF1B}.Release|iPhoneSimulator.ActiveCfg = Release|Any CPU
		{FA04F1BD-E0D0-4975-8867-B03A6E40CF1B}.Release|iPhoneSimulator.Build.0 = Release|Any CPU
		{FA04F1BD-E0D0-4975-8867-B03A6E40CF1B}.Release|x64.ActiveCfg = Release|Any CPU
		{FA04F1BD-E0D0-4975-8867-B03A6E40CF1B}.Release|x64.Build.0 = Release|Any CPU
		{FA04F1BD-E0D0-4975-8867-B03A6E40CF1B}.Release|x86.ActiveCfg = Release|Any CPU
		{FA04F1BD-E0D0-4975-8867-B03A6E40CF1B}.Release|x86.Build.0 = Release|Any CPU
		{CA8AE25E-7BF7-44D2-889C-C2F6B4B8C50A}.Ad-Hoc|Any CPU.ActiveCfg = Debug|Any CPU
		{CA8AE25E-7BF7-44D2-889C-C2F6B4B8C50A}.Ad-Hoc|Any CPU.Build.0 = Debug|Any CPU
		{CA8AE25E-7BF7-44D2-889C-C2F6B4B8C50A}.Ad-Hoc|ARM.ActiveCfg = Debug|Any CPU
		{CA8AE25E-7BF7-44D2-889C-C2F6B4B8C50A}.Ad-Hoc|ARM.Build.0 = Debug|Any CPU
		{CA8AE25E-7BF7-44D2-889C-C2F6B4B8C50A}.Ad-Hoc|iPhone.ActiveCfg = Debug|Any CPU
		{CA8AE25E-7BF7-44D2-889C-C2F6B4B8C50A}.Ad-Hoc|iPhone.Build.0 = Debug|Any CPU
		{CA8AE25E-7BF7-44D2-889C-C2F6B4B8C50A}.Ad-Hoc|iPhoneSimulator.ActiveCfg = Debug|Any CPU
		{CA8AE25E-7BF7-44D2-889C-C2F6B4B8C50A}.Ad-Hoc|iPhoneSimulator.Build.0 = Debug|Any CPU
		{CA8AE25E-7BF7-44D2-889C-C2F6B4B8C50A}.Ad-Hoc|x64.ActiveCfg = Debug|Any CPU
		{CA8AE25E-7BF7-44D2-889C-C2F6B4B8C50A}.Ad-Hoc|x64.Build.0 = Debug|Any CPU
		{CA8AE25E-7BF7-44D2-889C-C2F6B4B8C50A}.Ad-Hoc|x86.ActiveCfg = Debug|Any CPU
		{CA8AE25E-7BF7-44D2-889C-C2F6B4B8C50A}.Ad-Hoc|x86.Build.0 = Debug|Any CPU
		{CA8AE25E-7BF7-44D2-889C-C2F6B4B8C50A}.AppStore|Any CPU.ActiveCfg = Debug|Any CPU
		{CA8AE25E-7BF7-44D2-889C-C2F6B4B8C50A}.AppStore|Any CPU.Build.0 = Debug|Any CPU
		{CA8AE25E-7BF7-44D2-889C-C2F6B4B8C50A}.AppStore|ARM.ActiveCfg = Debug|Any CPU
		{CA8AE25E-7BF7-44D2-889C-C2F6B4B8C50A}.AppStore|ARM.Build.0 = Debug|Any CPU
		{CA8AE25E-7BF7-44D2-889C-C2F6B4B8C50A}.AppStore|iPhone.ActiveCfg = Debug|Any CPU
		{CA8AE25E-7BF7-44D2-889C-C2F6B4B8C50A}.AppStore|iPhone.Build.0 = Debug|Any CPU
		{CA8AE25E-7BF7-44D2-889C-C2F6B4B8C50A}.AppStore|iPhoneSimulator.ActiveCfg = Debug|Any CPU
		{CA8AE25E-7BF7-44D2-889C-C2F6B4B8C50A}.AppStore|iPhoneSimulator.Build.0 = Debug|Any CPU
		{CA8AE25E-7BF7-44D2-889C-C2F6B4B8C50A}.AppStore|x64.ActiveCfg = Debug|Any CPU
		{CA8AE25E-7BF7-44D2-889C-C2F6B4B8C50A}.AppStore|x64.Build.0 = Debug|Any CPU
		{CA8AE25E-7BF7-44D2-889C-C2F6B4B8C50A}.AppStore|x86.ActiveCfg = Debug|Any CPU
		{CA8AE25E-7BF7-44D2-889C-C2F6B4B8C50A}.AppStore|x86.Build.0 = Debug|Any CPU
		{CA8AE25E-7BF7-44D2-889C-C2F6B4B8C50A}.Debug|Any CPU.ActiveCfg = Debug|Any CPU
		{CA8AE25E-7BF7-44D2-889C-C2F6B4B8C50A}.Debug|Any CPU.Build.0 = Debug|Any CPU
		{CA8AE25E-7BF7-44D2-889C-C2F6B4B8C50A}.Debug|ARM.ActiveCfg = Debug|Any CPU
		{CA8AE25E-7BF7-44D2-889C-C2F6B4B8C50A}.Debug|ARM.Build.0 = Debug|Any CPU
		{CA8AE25E-7BF7-44D2-889C-C2F6B4B8C50A}.Debug|iPhone.ActiveCfg = Debug|Any CPU
		{CA8AE25E-7BF7-44D2-889C-C2F6B4B8C50A}.Debug|iPhone.Build.0 = Debug|Any CPU
		{CA8AE25E-7BF7-44D2-889C-C2F6B4B8C50A}.Debug|iPhoneSimulator.ActiveCfg = Debug|Any CPU
		{CA8AE25E-7BF7-44D2-889C-C2F6B4B8C50A}.Debug|iPhoneSimulator.Build.0 = Debug|Any CPU
		{CA8AE25E-7BF7-44D2-889C-C2F6B4B8C50A}.Debug|x64.ActiveCfg = Debug|Any CPU
		{CA8AE25E-7BF7-44D2-889C-C2F6B4B8C50A}.Debug|x64.Build.0 = Debug|Any CPU
		{CA8AE25E-7BF7-44D2-889C-C2F6B4B8C50A}.Debug|x86.ActiveCfg = Debug|Any CPU
		{CA8AE25E-7BF7-44D2-889C-C2F6B4B8C50A}.Debug|x86.Build.0 = Debug|Any CPU
		{CA8AE25E-7BF7-44D2-889C-C2F6B4B8C50A}.Release|Any CPU.ActiveCfg = Release|Any CPU
		{CA8AE25E-7BF7-44D2-889C-C2F6B4B8C50A}.Release|Any CPU.Build.0 = Release|Any CPU
		{CA8AE25E-7BF7-44D2-889C-C2F6B4B8C50A}.Release|ARM.ActiveCfg = Release|Any CPU
		{CA8AE25E-7BF7-44D2-889C-C2F6B4B8C50A}.Release|ARM.Build.0 = Release|Any CPU
		{CA8AE25E-7BF7-44D2-889C-C2F6B4B8C50A}.Release|iPhone.ActiveCfg = Release|Any CPU
		{CA8AE25E-7BF7-44D2-889C-C2F6B4B8C50A}.Release|iPhone.Build.0 = Release|Any CPU
		{CA8AE25E-7BF7-44D2-889C-C2F6B4B8C50A}.Release|iPhoneSimulator.ActiveCfg = Release|Any CPU
		{CA8AE25E-7BF7-44D2-889C-C2F6B4B8C50A}.Release|iPhoneSimulator.Build.0 = Release|Any CPU
		{CA8AE25E-7BF7-44D2-889C-C2F6B4B8C50A}.Release|x64.ActiveCfg = Release|Any CPU
		{CA8AE25E-7BF7-44D2-889C-C2F6B4B8C50A}.Release|x64.Build.0 = Release|Any CPU
		{CA8AE25E-7BF7-44D2-889C-C2F6B4B8C50A}.Release|x86.ActiveCfg = Release|Any CPU
		{CA8AE25E-7BF7-44D2-889C-C2F6B4B8C50A}.Release|x86.Build.0 = Release|Any CPU
	EndGlobalSection
	GlobalSection(SolutionProperties) = preSolution
		HideSolutionNode = FALSE
	EndGlobalSection
	GlobalSection(NestedProjects) = preSolution
		{29C192F4-0013-4A7A-9E47-79422DBF3C77} = {FF470D50-6D0D-4FF8-8A34-606D83C3AA4D}
		{F39167CB-DF82-4674-AF7E-47213CCAE75D} = {FF470D50-6D0D-4FF8-8A34-606D83C3AA4D}
		{27047D1E-696E-47C7-A5D7-72563C0C2F9E} = {FF470D50-6D0D-4FF8-8A34-606D83C3AA4D}
		{88F67DB0-BE15-4CDE-A80B-59E509D311BD} = {FF470D50-6D0D-4FF8-8A34-606D83C3AA4D}
	EndGlobalSection
	GlobalSection(ExtensibilityGlobals) = postSolution
		SolutionGuid = {08046756-2701-455E-A49C-FB54C45EE5A8}
	EndGlobalSection
EndGlobal
